// !$*UTF8*$!
{
	archiveVersion = 1;
	classes = {
	};
	objectVersion = 54;
	objects = {

/* Begin PBXBuildFile section */
		705F68F82BA2DD2000437FAA /* libcompression.tbd in Frameworks */ = {isa = PBXBuildFile; fileRef = 705F68F72BA2DD1100437FAA /* libcompression.tbd */; };
		706EF28326D18251001C950E /* libkram.a in Frameworks */ = {isa = PBXBuildFile; fileRef = 706EF28226D18251001C950E /* libkram.a */; };
		706EF28526D1825D001C950E /* libate.tbd in Frameworks */ = {isa = PBXBuildFile; fileRef = 706EF28426D18257001C950E /* libate.tbd */; };
		706EF28726D18290001C950E /* KramMain.cpp in Sources */ = {isa = PBXBuildFile; fileRef = 706EF28026D18223001C950E /* KramMain.cpp */; };
		706EF28B26D182CB001C950E /* Foundation.framework in Frameworks */ = {isa = PBXBuildFile; fileRef = 706EF28A26D182CB001C950E /* Foundation.framework */; };
		70B687282CAD1996007ACA58 /* libvectormath.a in Frameworks */ = {isa = PBXBuildFile; fileRef = 70B687272CAD1996007ACA58 /* libvectormath.a */; };
/* End PBXBuildFile section */

/* Begin PBXCopyFilesBuildPhase section */
		706EF27026D18082001C950E /* CopyFiles */ = {
			isa = PBXCopyFilesBuildPhase;
			buildActionMask = 2147483647;
			dstPath = /usr/share/man/man1/;
			dstSubfolderSpec = 0;
			files = (
			);
			runOnlyForDeploymentPostprocessing = 1;
		};
/* End PBXCopyFilesBuildPhase section */

/* Begin PBXFileReference section */
		705F68F72BA2DD1100437FAA /* libcompression.tbd */ = {isa = PBXFileReference; lastKnownFileType = "sourcecode.text-based-dylib-definition"; name = libcompression.tbd; path = usr/lib/libcompression.tbd; sourceTree = SDKROOT; };
		706EF27226D18082001C950E /* kram */ = {isa = PBXFileReference; explicitFileType = "compiled.mach-o.executable"; includeInIndex = 0; path = kram; sourceTree = BUILT_PRODUCTS_DIR; };
		706EF28026D18223001C950E /* KramMain.cpp */ = {isa = PBXFileReference; lastKnownFileType = sourcecode.cpp.cpp; path = KramMain.cpp; sourceTree = "<group>"; };
		706EF28226D18251001C950E /* libkram.a */ = {isa = PBXFileReference; explicitFileType = archive.ar; path = libkram.a; sourceTree = BUILT_PRODUCTS_DIR; };
		706EF28426D18257001C950E /* libate.tbd */ = {isa = PBXFileReference; lastKnownFileType = "sourcecode.text-based-dylib-definition"; name = libate.tbd; path = usr/lib/libate.tbd; sourceTree = SDKROOT; };
		706EF28A26D182CB001C950E /* Foundation.framework */ = {isa = PBXFileReference; lastKnownFileType = wrapper.framework; name = Foundation.framework; path = System/Library/Frameworks/Foundation.framework; sourceTree = SDKROOT; };
		70B687272CAD1996007ACA58 /* libvectormath.a */ = {isa = PBXFileReference; explicitFileType = archive.ar; path = libvectormath.a; sourceTree = BUILT_PRODUCTS_DIR; };
/* End PBXFileReference section */

/* Begin PBXFrameworksBuildPhase section */
		706EF26F26D18082001C950E /* Frameworks */ = {
			isa = PBXFrameworksBuildPhase;
			buildActionMask = 2147483647;
			files = (
				706EF28326D18251001C950E /* libkram.a in Frameworks */,
				706EF28B26D182CB001C950E /* Foundation.framework in Frameworks */,
				706EF28526D1825D001C950E /* libate.tbd in Frameworks */,
				705F68F82BA2DD2000437FAA /* libcompression.tbd in Frameworks */,
				70B687282CAD1996007ACA58 /* libvectormath.a in Frameworks */,
			);
			runOnlyForDeploymentPostprocessing = 0;
		};
/* End PBXFrameworksBuildPhase section */

/* Begin PBXGroup section */
		706EF26926D18082001C950E = {
			isa = PBXGroup;
			children = (
				706EF27E26D18223001C950E /* kramc */,
				706EF27326D18082001C950E /* Products */,
				706EF28126D18251001C950E /* Frameworks */,
			);
			sourceTree = "<group>";
		};
		706EF27326D18082001C950E /* Products */ = {
			isa = PBXGroup;
			children = (
				706EF27226D18082001C950E /* kram */,
			);
			name = Products;
			sourceTree = "<group>";
		};
		706EF27E26D18223001C950E /* kramc */ = {
			isa = PBXGroup;
			children = (
				706EF28026D18223001C950E /* KramMain.cpp */,
			);
			name = kramc;
			path = ../kramc;
			sourceTree = "<group>";
		};
		706EF28126D18251001C950E /* Frameworks */ = {
			isa = PBXGroup;
			children = (
				70B687272CAD1996007ACA58 /* libvectormath.a */,
				705F68F72BA2DD1100437FAA /* libcompression.tbd */,
				706EF28A26D182CB001C950E /* Foundation.framework */,
				706EF28426D18257001C950E /* libate.tbd */,
				706EF28226D18251001C950E /* libkram.a */,
			);
			name = Frameworks;
			sourceTree = "<group>";
		};
/* End PBXGroup section */

/* Begin PBXNativeTarget section */
		706EF27126D18082001C950E /* kramc */ = {
			isa = PBXNativeTarget;
			buildConfigurationList = 706EF27926D18082001C950E /* Build configuration list for PBXNativeTarget "kramc" */;
			buildPhases = (
				706EF26E26D18082001C950E /* Sources */,
				706EF26F26D18082001C950E /* Frameworks */,
				706EF27026D18082001C950E /* CopyFiles */,
			);
			buildRules = (
			);
			dependencies = (
			);
			name = kramc;
			productName = kramc;
			productReference = 706EF27226D18082001C950E /* kram */;
			productType = "com.apple.product-type.tool";
		};
/* End PBXNativeTarget section */

/* Begin PBXProject section */
		706EF26A26D18082001C950E /* Project object */ = {
			isa = PBXProject;
			attributes = {
				BuildIndependentTargetsInParallel = YES;
				LastUpgradeCheck = 1500;
				TargetAttributes = {
					706EF27126D18082001C950E = {
						CreatedOnToolsVersion = 12.4;
					};
				};
			};
			buildConfigurationList = 706EF26D26D18082001C950E /* Build configuration list for PBXProject "kramc" */;
			compatibilityVersion = "Xcode 9.3";
			developmentRegion = en;
			hasScannedForEncodings = 0;
			knownRegions = (
				en,
				Base,
			);
			mainGroup = 706EF26926D18082001C950E;
			productRefGroup = 706EF27326D18082001C950E /* Products */;
			projectDirPath = "";
			projectRoot = "";
			targets = (
				706EF27126D18082001C950E /* kramc */,
			);
		};
/* End PBXProject section */

/* Begin PBXSourcesBuildPhase section */
		706EF26E26D18082001C950E /* Sources */ = {
			isa = PBXSourcesBuildPhase;
			buildActionMask = 2147483647;
			files = (
				706EF28726D18290001C950E /* KramMain.cpp in Sources */,
			);
			runOnlyForDeploymentPostprocessing = 0;
		};
/* End PBXSourcesBuildPhase section */

/* Begin XCBuildConfiguration section */
		706EF27726D18082001C950E /* Debug */ = {
			isa = XCBuildConfiguration;
			buildSettings = {
				ALWAYS_SEARCH_USER_PATHS = NO;
				CLANG_ANALYZER_NONNULL = YES;
				CLANG_ANALYZER_NUMBER_OBJECT_CONVERSION = YES_AGGRESSIVE;
				CLANG_CXX_LANGUAGE_STANDARD = "gnu++20";
				CLANG_CXX_LIBRARY = "libc++";
				CLANG_ENABLE_MODULES = YES;
				CLANG_ENABLE_OBJC_ARC = YES;
				CLANG_ENABLE_OBJC_WEAK = YES;
				CLANG_WARN_BLOCK_CAPTURE_AUTORELEASING = YES;
				CLANG_WARN_BOOL_CONVERSION = YES;
				CLANG_WARN_COMMA = YES;
				CLANG_WARN_CONSTANT_CONVERSION = YES;
				CLANG_WARN_DEPRECATED_OBJC_IMPLEMENTATIONS = YES;
				CLANG_WARN_DIRECT_OBJC_ISA_USAGE = YES_ERROR;
				CLANG_WARN_DOCUMENTATION_COMMENTS = YES;
				CLANG_WARN_EMPTY_BODY = YES;
				CLANG_WARN_ENUM_CONVERSION = YES;
				CLANG_WARN_IMPLICIT_FALLTHROUGH = YES_ERROR;
				CLANG_WARN_INFINITE_RECURSION = YES;
				CLANG_WARN_INT_CONVERSION = YES;
				CLANG_WARN_NON_LITERAL_NULL_CONVERSION = YES;
				CLANG_WARN_OBJC_IMPLICIT_RETAIN_SELF = YES;
				CLANG_WARN_OBJC_LITERAL_CONVERSION = YES;
				CLANG_WARN_OBJC_ROOT_CLASS = YES_ERROR;
				CLANG_WARN_QUOTED_INCLUDE_IN_FRAMEWORK_HEADER = YES;
				CLANG_WARN_RANGE_LOOP_ANALYSIS = YES;
				CLANG_WARN_STRICT_PROTOTYPES = YES;
				CLANG_WARN_SUSPICIOUS_MOVE = YES;
				CLANG_WARN_UNGUARDED_AVAILABILITY = YES_AGGRESSIVE;
				CLANG_WARN_UNREACHABLE_CODE = YES;
				CLANG_WARN__DUPLICATE_METHOD_MATCH = YES;
				CLANG_X86_VECTOR_INSTRUCTIONS = avx2;
				COPY_PHASE_STRIP = NO;
				DEAD_CODE_STRIPPING = YES;
				DEBUG_INFORMATION_FORMAT = dwarf;
				ENABLE_STRICT_OBJC_MSGSEND = YES;
				ENABLE_TESTABILITY = YES;
				GCC_C_LANGUAGE_STANDARD = gnu11;
				GCC_DYNAMIC_NO_PIC = NO;
				GCC_ENABLE_CPP_EXCEPTIONS = NO;
				GCC_ENABLE_CPP_RTTI = NO;
				GCC_NO_COMMON_BLOCKS = YES;
				GCC_OPTIMIZATION_LEVEL = 0;
				GCC_WARN_64_TO_32_BIT_CONVERSION = NO;
				GCC_WARN_ABOUT_RETURN_TYPE = YES_ERROR;
				GCC_WARN_UNDECLARED_SELECTOR = YES;
				GCC_WARN_UNINITIALIZED_AUTOS = YES_AGGRESSIVE;
				GCC_WARN_UNUSED_FUNCTION = YES;
				GCC_WARN_UNUSED_VARIABLE = YES;
				IPHONEOS_DEPLOYMENT_TARGET = 15.0;
				MACOSX_DEPLOYMENT_TARGET = 13.0;
				MTL_ENABLE_DEBUG_INFO = INCLUDE_SOURCE;
				MTL_FAST_MATH = YES;
				ONLY_ACTIVE_ARCH = YES;
				OTHER_CFLAGS = (
					"-DCOMPILE_EASTL=0",
					"-include",
					KramConfig.h,
					"-mfma",
					"-mf16c",
				);
				PRESERVE_DEAD_CODE_INITS_AND_TERMS = NO;
				SDKROOT = macosx;
			};
			name = Debug;
		};
		706EF27826D18082001C950E /* Release */ = {
			isa = XCBuildConfiguration;
			buildSettings = {
				ALWAYS_SEARCH_USER_PATHS = NO;
				CLANG_ANALYZER_NONNULL = YES;
				CLANG_ANALYZER_NUMBER_OBJECT_CONVERSION = YES_AGGRESSIVE;
				CLANG_CXX_LANGUAGE_STANDARD = "gnu++20";
				CLANG_CXX_LIBRARY = "libc++";
				CLANG_ENABLE_MODULES = YES;
				CLANG_ENABLE_OBJC_ARC = YES;
				CLANG_ENABLE_OBJC_WEAK = YES;
				CLANG_WARN_BLOCK_CAPTURE_AUTORELEASING = YES;
				CLANG_WARN_BOOL_CONVERSION = YES;
				CLANG_WARN_COMMA = YES;
				CLANG_WARN_CONSTANT_CONVERSION = YES;
				CLANG_WARN_DEPRECATED_OBJC_IMPLEMENTATIONS = YES;
				CLANG_WARN_DIRECT_OBJC_ISA_USAGE = YES_ERROR;
				CLANG_WARN_DOCUMENTATION_COMMENTS = YES;
				CLANG_WARN_EMPTY_BODY = YES;
				CLANG_WARN_ENUM_CONVERSION = YES;
				CLANG_WARN_IMPLICIT_FALLTHROUGH = YES_ERROR;
				CLANG_WARN_INFINITE_RECURSION = YES;
				CLANG_WARN_INT_CONVERSION = YES;
				CLANG_WARN_NON_LITERAL_NULL_CONVERSION = YES;
				CLANG_WARN_OBJC_IMPLICIT_RETAIN_SELF = YES;
				CLANG_WARN_OBJC_LITERAL_CONVERSION = YES;
				CLANG_WARN_OBJC_ROOT_CLASS = YES_ERROR;
				CLANG_WARN_QUOTED_INCLUDE_IN_FRAMEWORK_HEADER = YES;
				CLANG_WARN_RANGE_LOOP_ANALYSIS = YES;
				CLANG_WARN_STRICT_PROTOTYPES = YES;
				CLANG_WARN_SUSPICIOUS_MOVE = YES;
				CLANG_WARN_UNGUARDED_AVAILABILITY = YES_AGGRESSIVE;
				CLANG_WARN_UNREACHABLE_CODE = YES;
				CLANG_WARN__DUPLICATE_METHOD_MATCH = YES;
				CLANG_X86_VECTOR_INSTRUCTIONS = avx2;
				COPY_PHASE_STRIP = NO;
				DEAD_CODE_STRIPPING = YES;
				DEBUG_INFORMATION_FORMAT = "dwarf-with-dsym";
				ENABLE_NS_ASSERTIONS = NO;
				ENABLE_STRICT_OBJC_MSGSEND = YES;
				GCC_C_LANGUAGE_STANDARD = gnu11;
				GCC_ENABLE_CPP_EXCEPTIONS = NO;
				GCC_ENABLE_CPP_RTTI = NO;
				GCC_NO_COMMON_BLOCKS = YES;
				GCC_WARN_64_TO_32_BIT_CONVERSION = NO;
				GCC_WARN_ABOUT_RETURN_TYPE = YES_ERROR;
				GCC_WARN_UNDECLARED_SELECTOR = YES;
				GCC_WARN_UNINITIALIZED_AUTOS = YES_AGGRESSIVE;
				GCC_WARN_UNUSED_FUNCTION = YES;
				GCC_WARN_UNUSED_VARIABLE = YES;
				IPHONEOS_DEPLOYMENT_TARGET = 15.0;
				MACOSX_DEPLOYMENT_TARGET = 13.0;
				MTL_ENABLE_DEBUG_INFO = NO;
				MTL_FAST_MATH = YES;
				OTHER_CFLAGS = (
					"-DNDEBUG=1",
					"-DCOMPILE_EASTL=0",
					"-include",
					KramConfig.h,
					"-mfma",
					"-mf16c",
				);
				PRESERVE_DEAD_CODE_INITS_AND_TERMS = NO;
				SDKROOT = macosx;
			};
			name = Release;
		};
		706EF27A26D18082001C950E /* Debug */ = {
			isa = XCBuildConfiguration;
			buildSettings = {
				CLANG_WARN_COMMA = NO;
				CLANG_WARN_CXX0X_EXTENSIONS = YES;
				CLANG_WARN_OBJC_EXPLICIT_OWNERSHIP_TYPE = YES;
				CLANG_WARN_OBJC_IMPLICIT_ATOMIC_PROPERTIES = YES;
				CLANG_WARN_OBJC_INTERFACE_IVARS = YES_ERROR;
				CLANG_WARN_OBJC_MISSING_PROPERTY_SYNTHESIS = YES;
				CLANG_WARN_OBJC_REPEATED_USE_OF_WEAK = YES;
				CODE_SIGN_STYLE = Automatic;
				GCC_WARN_HIDDEN_VIRTUAL_FUNCTIONS = YES;
				GCC_WARN_NON_VIRTUAL_DESTRUCTOR = YES;
				GCC_WARN_SHADOW = YES;
				GCC_WARN_STRICT_SELECTOR_MATCH = YES;
				HEADER_SEARCH_PATHS = (
					"$(PROJECT_DIR)/../libkram/kram",
					"$(PROJECT_DIR)/../libkram/vectormath",
				);
				PRODUCT_BUNDLE_IDENTIFIER = com.hialec.kramc;
				PRODUCT_NAME = kram;
			};
			name = Debug;
		};
		706EF27B26D18082001C950E /* Release */ = {
			isa = XCBuildConfiguration;
			buildSettings = {
				CLANG_WARN_COMMA = NO;
				CLANG_WARN_CXX0X_EXTENSIONS = YES;
				CLANG_WARN_OBJC_EXPLICIT_OWNERSHIP_TYPE = YES;
				CLANG_WARN_OBJC_IMPLICIT_ATOMIC_PROPERTIES = YES;
				CLANG_WARN_OBJC_INTERFACE_IVARS = YES_ERROR;
				CLANG_WARN_OBJC_MISSING_PROPERTY_SYNTHESIS = YES;
				CLANG_WARN_OBJC_REPEATED_USE_OF_WEAK = YES;
				CODE_SIGN_STYLE = Automatic;
				DEAD_CODE_STRIPPING = YES;
				GCC_WARN_HIDDEN_VIRTUAL_FUNCTIONS = YES;
				GCC_WARN_NON_VIRTUAL_DESTRUCTOR = YES;
				GCC_WARN_SHADOW = YES;
				GCC_WARN_STRICT_SELECTOR_MATCH = YES;
				HEADER_SEARCH_PATHS = (
					"$(PROJECT_DIR)/../libkram/kram",
					"$(PROJECT_DIR)/../libkram/vectormath",
				);
				PRODUCT_BUNDLE_IDENTIFIER = com.hialec.kramc;
				PRODUCT_NAME = kram;
			};
			name = Release;
		};
/* End XCBuildConfiguration section */

/* Begin XCConfigurationList section */
		706EF26D26D18082001C950E /* Build configuration list for PBXProject "kramc" */ = {
			isa = XCConfigurationList;
			buildConfigurations = (
				706EF27726D18082001C950E /* Debug */,
				706EF27826D18082001C950E /* Release */,
			);
			defaultConfigurationIsVisible = 0;
			defaultConfigurationName = Release;
		};
		706EF27926D18082001C950E /* Build configuration list for PBXNativeTarget "kramc" */ = {
			isa = XCConfigurationList;
			buildConfigurations = (
				706EF27A26D18082001C950E /* Debug */,
				706EF27B26D18082001C950E /* Release */,
			);
			defaultConfigurationIsVisible = 0;
			defaultConfigurationName = Release;
		};
/* End XCConfigurationList section */
	};
	rootObject = 706EF26A26D18082001C950E /* Project object */;
}
