// !$*UTF8*$!
{
	archiveVersion = 1;
	classes = {
	};
	objectVersion = 56;
	objects = {

/* Begin PBXFileReference section */
		707D37CC29B9797A00B08D22 /* Skinning.metal */ = {isa = PBXFileReference; fileEncoding = 4; lastKnownFileType = sourcecode.metal; path = Skinning.metal; sourceTree = "<group>"; };
		707D37CD29B9797A00B08D22 /* Skinning.hlsl */ = {isa = PBXFileReference; explicitFileType = sourcecode.metal; fileEncoding = 4; path = Skinning.hlsl; sourceTree = "<group>"; };
		707D37D129B9798600B08D22 /* out */ = {isa = PBXFileReference; lastKnownFileType = folder; path = out; sourceTree = "<group>"; };
		707D37D729B979EB00B08D22 /* Skinning.hlsl */ = {isa = PBXFileReference; explicitFileType = sourcecode.metal; path = Skinning.hlsl; sourceTree = "<group>"; };
		707D37DA29B97A0900B08D22 /* buildShaders.sh */ = {isa = PBXFileReference; lastKnownFileType = text.script.sh; path = buildShaders.sh; sourceTree = "<group>"; };
		70CAA47E29B9BB0E004B7E7B /* Sample.hlsl */ = {isa = PBXFileReference; explicitFileType = sourcecode.metal; fileEncoding = 4; path = Sample.hlsl; sourceTree = "<group>"; };
		70CAA48029BA7D28004B7E7B /* Sample.metal */ = {isa = PBXFileReference; fileEncoding = 4; lastKnownFileType = sourcecode.metal; path = Sample.metal; sourceTree = "<group>"; };
		70CAA48129BA7D28004B7E7B /* Sample.hlsl */ = {isa = PBXFileReference; explicitFileType = sourcecode.metal; fileEncoding = 4; path = Sample.hlsl; sourceTree = "<group>"; };
		70CAA48B29BBD985004B7E7B /* Compute.hlsl */ = {isa = PBXFileReference; explicitFileType = sourcecode.metal; path = Compute.hlsl; sourceTree = "<group>"; };
		70CAA48C29BE6A62004B7E7B /* Compute.hlsl */ = {isa = PBXFileReference; lastKnownFileType = text; path = Compute.hlsl; sourceTree = "<group>"; };
		70CAA48D29BE6A62004B7E7B /* Compute.metal */ = {isa = PBXFileReference; lastKnownFileType = sourcecode.metal; path = Compute.metal; sourceTree = "<group>"; };
		70CAA48F29C63A46004B7E7B /* build.ninja */ = {isa = PBXFileReference; lastKnownFileType = text.script.sh; path = build.ninja; sourceTree = "<group>"; };
		70CAA49029C8072C004B7E7B /* ShaderHLSL.h */ = {isa = PBXFileReference; lastKnownFileType = sourcecode.c.h; path = ShaderHLSL.h; sourceTree = "<group>"; };
		70CAA49129C8072C004B7E7B /* ShaderMSL.h */ = {isa = PBXFileReference; lastKnownFileType = sourcecode.c.h; path = ShaderMSL.h; sourceTree = "<group>"; };
/* End PBXFileReference section */

/* Begin PBXGroup section */
		707D37A529B9787400B08D22 = {
			isa = PBXGroup;
			children = (
				70CAA48F29C63A46004B7E7B /* build.ninja */,
				707D37DA29B97A0900B08D22 /* buildShaders.sh */,
				707D37D829B979EB00B08D22 /* shaders */,
				707D37CA29B9797A00B08D22 /* outshaders */,
				707D37D129B9798600B08D22 /* out */,
				707D37AF29B9787400B08D22 /* Products */,
			);
			sourceTree = "<group>";
		};
		707D37AF29B9787400B08D22 /* Products */ = {
			isa = PBXGroup;
			children = (
			);
			name = Products;
			sourceTree = "<group>";
		};
		707D37CA29B9797A00B08D22 /* outshaders */ = {
			isa = PBXGroup;
			children = (
				70CAA48C29BE6A62004B7E7B /* Compute.hlsl */,
				70CAA48D29BE6A62004B7E7B /* Compute.metal */,
				70CAA48129BA7D28004B7E7B /* Sample.hlsl */,
				70CAA48029BA7D28004B7E7B /* Sample.metal */,
				707D37CD29B9797A00B08D22 /* Skinning.hlsl */,
				707D37CC29B9797A00B08D22 /* Skinning.metal */,
			);
			path = outshaders;
			sourceTree = "<group>";
		};
		707D37D829B979EB00B08D22 /* shaders */ = {
			isa = PBXGroup;
			children = (
				70CAA49029C8072C004B7E7B /* ShaderHLSL.h */,
				70CAA49129C8072C004B7E7B /* ShaderMSL.h */,
				70CAA48B29BBD985004B7E7B /* Compute.hlsl */,
				70CAA47E29B9BB0E004B7E7B /* Sample.hlsl */,
				707D37D729B979EB00B08D22 /* Skinning.hlsl */,
			);
			path = shaders;
			sourceTree = "<group>";
		};
/* End PBXGroup section */

/* Begin PBXLegacyTarget section */
		70CAA48529BAE9F5004B7E7B /* testshaders */ = {
			isa = PBXLegacyTarget;
			buildArgumentsString = "$(ACTION)";
			buildConfigurationList = 70CAA48629BAE9F5004B7E7B /* Build configuration list for PBXLegacyTarget "testshaders" */;
			buildPhases = (
			);
			buildToolPath = /opt/homebrew/bin/ninja;
			buildWorkingDirectory = "";
			dependencies = (
			);
			name = testshaders;
			passBuildSettingsInEnvironment = 1;
			productName = testshaders;
		};
/* End PBXLegacyTarget section */

/* Begin PBXProject section */
		707D37A629B9787400B08D22 /* Project object */ = {
			isa = PBXProject;
			attributes = {
				BuildIndependentTargetsInParallel = 1;
				LastUpgradeCheck = 1410;
				TargetAttributes = {
					70CAA48529BAE9F5004B7E7B = {
						CreatedOnToolsVersion = 14.1;
					};
				};
			};
			buildConfigurationList = 707D37A929B9787400B08D22 /* Build configuration list for PBXProject "testshaders" */;
			compatibilityVersion = "Xcode 14.0";
			developmentRegion = en;
			hasScannedForEncodings = 0;
			knownRegions = (
				en,
				Base,
			);
			mainGroup = 707D37A529B9787400B08D22;
			productRefGroup = 707D37AF29B9787400B08D22 /* Products */;
			projectDirPath = "";
			projectRoot = "";
			targets = (
				70CAA48529BAE9F5004B7E7B /* testshaders */,
			);
		};
/* End PBXProject section */

/* Begin XCBuildConfiguration section */
		707D37C329B9787500B08D22 /* Debug */ = {
			isa = XCBuildConfiguration;
			buildSettings = {
				ALWAYS_SEARCH_USER_PATHS = NO;
				CLANG_ANALYZER_NONNULL = YES;
				CLANG_ANALYZER_NUMBER_OBJECT_CONVERSION = YES_AGGRESSIVE;
				CLANG_CXX_LANGUAGE_STANDARD = "gnu++20";
				CLANG_ENABLE_MODULES = YES;
				CLANG_ENABLE_OBJC_ARC = YES;
				CLANG_ENABLE_OBJC_WEAK = YES;
				CLANG_WARN_BLOCK_CAPTURE_AUTORELEASING = YES;
				CLANG_WARN_BOOL_CONVERSION = YES;
				CLANG_WARN_COMMA = YES;
				CLANG_WARN_CONSTANT_CONVERSION = YES;
				CLANG_WARN_DEPRECATED_OBJC_IMPLEMENTATIONS = YES;
				CLANG_WARN_DIRECT_OBJC_ISA_USAGE = YES_ERROR;
				CLANG_WARN_DOCUMENTATION_COMMENTS = YES;
				CLANG_WARN_EMPTY_BODY = YES;
				CLANG_WARN_ENUM_CONVERSION = YES;
				CLANG_WARN_INFINITE_RECURSION = YES;
				CLANG_WARN_INT_CONVERSION = YES;
				CLANG_WARN_NON_LITERAL_NULL_CONVERSION = YES;
				CLANG_WARN_OBJC_IMPLICIT_RETAIN_SELF = YES;
				CLANG_WARN_OBJC_LITERAL_CONVERSION = YES;
				CLANG_WARN_OBJC_ROOT_CLASS = YES_ERROR;
				CLANG_WARN_QUOTED_INCLUDE_IN_FRAMEWORK_HEADER = YES;
				CLANG_WARN_RANGE_LOOP_ANALYSIS = YES;
				CLANG_WARN_STRICT_PROTOTYPES = YES;
				CLANG_WARN_SUSPICIOUS_MOVE = YES;
				CLANG_WARN_UNGUARDED_AVAILABILITY = YES_AGGRESSIVE;
				CLANG_WARN_UNREACHABLE_CODE = YES;
				CLANG_WARN__DUPLICATE_METHOD_MATCH = YES;
				COPY_PHASE_STRIP = NO;
				DEBUG_INFORMATION_FORMAT = dwarf;
				ENABLE_STRICT_OBJC_MSGSEND = YES;
				ENABLE_TESTABILITY = YES;
				GCC_C_LANGUAGE_STANDARD = gnu11;
				GCC_DYNAMIC_NO_PIC = NO;
				GCC_NO_COMMON_BLOCKS = YES;
				GCC_OPTIMIZATION_LEVEL = 0;
				GCC_PREPROCESSOR_DEFINITIONS = (
					"DEBUG=1",
					"$(inherited)",
				);
				GCC_WARN_64_TO_32_BIT_CONVERSION = YES;
				GCC_WARN_ABOUT_RETURN_TYPE = YES_ERROR;
				GCC_WARN_UNDECLARED_SELECTOR = YES;
				GCC_WARN_UNINITIALIZED_AUTOS = YES_AGGRESSIVE;
				GCC_WARN_UNUSED_FUNCTION = YES;
				GCC_WARN_UNUSED_VARIABLE = YES;
				MACOSX_DEPLOYMENT_TARGET = 11.0;
				MTL_ENABLE_DEBUG_INFO = INCLUDE_SOURCE;
				MTL_FAST_MATH = YES;
				ONLY_ACTIVE_ARCH = YES;
				SDKROOT = macosx;
			};
			name = Debug;
		};
		707D37C429B9787500B08D22 /* Release */ = {
			isa = XCBuildConfiguration;
			buildSettings = {
				ALWAYS_SEARCH_USER_PATHS = NO;
				CLANG_ANALYZER_NONNULL = YES;
				CLANG_ANALYZER_NUMBER_OBJECT_CONVERSION = YES_AGGRESSIVE;
				CLANG_CXX_LANGUAGE_STANDARD = "gnu++20";
				CLANG_ENABLE_MODULES = YES;
				CLANG_ENABLE_OBJC_ARC = YES;
				CLANG_ENABLE_OBJC_WEAK = YES;
				CLANG_WARN_BLOCK_CAPTURE_AUTORELEASING = YES;
				CLANG_WARN_BOOL_CONVERSION = YES;
				CLANG_WARN_COMMA = YES;
				CLANG_WARN_CONSTANT_CONVERSION = YES;
				CLANG_WARN_DEPRECATED_OBJC_IMPLEMENTATIONS = YES;
				CLANG_WARN_DIRECT_OBJC_ISA_USAGE = YES_ERROR;
				CLANG_WARN_DOCUMENTATION_COMMENTS = YES;
				CLANG_WARN_EMPTY_BODY = YES;
				CLANG_WARN_ENUM_CONVERSION = YES;
				CLANG_WARN_INFINITE_RECURSION = YES;
				CLANG_WARN_INT_CONVERSION = YES;
				CLANG_WARN_NON_LITERAL_NULL_CONVERSION = YES;
				CLANG_WARN_OBJC_IMPLICIT_RETAIN_SELF = YES;
				CLANG_WARN_OBJC_LITERAL_CONVERSION = YES;
				CLANG_WARN_OBJC_ROOT_CLASS = YES_ERROR;
				CLANG_WARN_QUOTED_INCLUDE_IN_FRAMEWORK_HEADER = YES;
				CLANG_WARN_RANGE_LOOP_ANALYSIS = YES;
				CLANG_WARN_STRICT_PROTOTYPES = YES;
				CLANG_WARN_SUSPICIOUS_MOVE = YES;
				CLANG_WARN_UNGUARDED_AVAILABILITY = YES_AGGRESSIVE;
				CLANG_WARN_UNREACHABLE_CODE = YES;
				CLANG_WARN__DUPLICATE_METHOD_MATCH = YES;
				COPY_PHASE_STRIP = NO;
				DEBUG_INFORMATION_FORMAT = "dwarf-with-dsym";
				ENABLE_NS_ASSERTIONS = NO;
				ENABLE_STRICT_OBJC_MSGSEND = YES;
				GCC_C_LANGUAGE_STANDARD = gnu11;
				GCC_NO_COMMON_BLOCKS = YES;
				GCC_WARN_64_TO_32_BIT_CONVERSION = YES;
				GCC_WARN_ABOUT_RETURN_TYPE = YES_ERROR;
				GCC_WARN_UNDECLARED_SELECTOR = YES;
				GCC_WARN_UNINITIALIZED_AUTOS = YES_AGGRESSIVE;
				GCC_WARN_UNUSED_FUNCTION = YES;
				GCC_WARN_UNUSED_VARIABLE = YES;
				MACOSX_DEPLOYMENT_TARGET = 11.0;
				MTL_ENABLE_DEBUG_INFO = NO;
				MTL_FAST_MATH = YES;
				SDKROOT = macosx;
			};
			name = Release;
		};
		70CAA48729BAE9F5004B7E7B /* Debug */ = {
			isa = XCBuildConfiguration;
			buildSettings = {
				CODE_SIGN_STYLE = Automatic;
				DEBUGGING_SYMBOLS = YES;
				DEBUG_INFORMATION_FORMAT = dwarf;
				GCC_GENERATE_DEBUGGING_SYMBOLS = YES;
				GCC_OPTIMIZATION_LEVEL = 0;
				OTHER_CFLAGS = "";
				OTHER_LDFLAGS = "";
				PRODUCT_NAME = "$(TARGET_NAME)";
			};
			name = Debug;
		};
		70CAA48829BAE9F5004B7E7B /* Release */ = {
			isa = XCBuildConfiguration;
			buildSettings = {
				CODE_SIGN_STYLE = Automatic;
				DEBUG_INFORMATION_FORMAT = "dwarf-with-dsym";
				OTHER_CFLAGS = "";
				OTHER_LDFLAGS = "";
				PRODUCT_NAME = "$(TARGET_NAME)";
			};
			name = Release;
		};
/* End XCBuildConfiguration section */

/* Begin XCConfigurationList section */
		707D37A929B9787400B08D22 /* Build configuration list for PBXProject "testshaders" */ = {
			isa = XCConfigurationList;
			buildConfigurations = (
				707D37C329B9787500B08D22 /* Debug */,
				707D37C429B9787500B08D22 /* Release */,
			);
			defaultConfigurationIsVisible = 0;
			defaultConfigurationName = Release;
		};
		70CAA48629BAE9F5004B7E7B /* Build configuration list for PBXLegacyTarget "testshaders" */ = {
			isa = XCConfigurationList;
			buildConfigurations = (
				70CAA48729BAE9F5004B7E7B /* Debug */,
				70CAA48829BAE9F5004B7E7B /* Release */,
			);
			defaultConfigurationIsVisible = 0;
			defaultConfigurationName = Release;
		};
/* End XCConfigurationList section */
	};
	rootObject = 707D37A629B9787400B08D22 /* Project object */;
}
