// !$*UTF8*$!
{
	archiveVersion = 1;
	classes = {
	};
	objectVersion = 56;
	objects = {

/* Begin PBXBuildFile section */
		705F68CD2B820AD100437FAA /* kram_profileApp.swift in Sources */ = {isa = PBXBuildFile; fileRef = 705F68CC2B820AD100437FAA /* kram_profileApp.swift */; };
		705F68D12B820AD200437FAA /* Assets.xcassets in Resources */ = {isa = PBXBuildFile; fileRef = 705F68D02B820AD200437FAA /* Assets.xcassets */; };
		705F68D42B820AD200437FAA /* Preview Assets.xcassets in Resources */ = {isa = PBXBuildFile; fileRef = 705F68D32B820AD200437FAA /* Preview Assets.xcassets */; };
		705F68E12B87EB8000437FAA /* AnyDecodable.swift in Sources */ = {isa = PBXBuildFile; fileRef = 705F68DE2B87EB8000437FAA /* AnyDecodable.swift */; };
		705F68E22B87EB8000437FAA /* AnyCodable.swift in Sources */ = {isa = PBXBuildFile; fileRef = 705F68DF2B87EB8000437FAA /* AnyCodable.swift */; };
		705F68E32B87EB8000437FAA /* AnyEncodable.swift in Sources */ = {isa = PBXBuildFile; fileRef = 705F68E02B87EB8000437FAA /* AnyEncodable.swift */; };
		705F68E52B89907700437FAA /* README.md in Resources */ = {isa = PBXBuildFile; fileRef = 705F68E42B89907700437FAA /* README.md */; };
		705F68E72B8BEB7100437FAA /* DataCompression.swift in Sources */ = {isa = PBXBuildFile; fileRef = 705F68E62B8BEB7000437FAA /* DataCompression.swift */; };
		705F68E92B9451CC00437FAA /* Log.swift in Sources */ = {isa = PBXBuildFile; fileRef = 705F68E82B9451CC00437FAA /* Log.swift */; };
		705F68EB2B94E33800437FAA /* Keycode.swift in Sources */ = {isa = PBXBuildFile; fileRef = 705F68EA2B94E33800437FAA /* Keycode.swift */; };
/* End PBXBuildFile section */

/* Begin PBXFileReference section */
		705F68C92B820AD100437FAA /* kram-profile.app */ = {isa = PBXFileReference; explicitFileType = wrapper.application; includeInIndex = 0; path = "kram-profile.app"; sourceTree = BUILT_PRODUCTS_DIR; };
		705F68CC2B820AD100437FAA /* kram_profileApp.swift */ = {isa = PBXFileReference; lastKnownFileType = sourcecode.swift; path = kram_profileApp.swift; sourceTree = "<group>"; };
		705F68D02B820AD200437FAA /* Assets.xcassets */ = {isa = PBXFileReference; lastKnownFileType = folder.assetcatalog; path = Assets.xcassets; sourceTree = "<group>"; };
		705F68D32B820AD200437FAA /* Preview Assets.xcassets */ = {isa = PBXFileReference; lastKnownFileType = folder.assetcatalog; path = "Preview Assets.xcassets"; sourceTree = "<group>"; };
		705F68D52B820AD200437FAA /* kram_profile.entitlements */ = {isa = PBXFileReference; lastKnownFileType = text.plist.entitlements; path = kram_profile.entitlements; sourceTree = "<group>"; };
		705F68DD2B86AB2000437FAA /* Info.plist */ = {isa = PBXFileReference; lastKnownFileType = text.plist; path = Info.plist; sourceTree = "<group>"; };
		705F68DE2B87EB8000437FAA /* AnyDecodable.swift */ = {isa = PBXFileReference; fileEncoding = 4; lastKnownFileType = sourcecode.swift; path = AnyDecodable.swift; sourceTree = "<group>"; };
		705F68DF2B87EB8000437FAA /* AnyCodable.swift */ = {isa = PBXFileReference; fileEncoding = 4; lastKnownFileType = sourcecode.swift; path = AnyCodable.swift; sourceTree = "<group>"; };
		705F68E02B87EB8000437FAA /* AnyEncodable.swift */ = {isa = PBXFileReference; fileEncoding = 4; lastKnownFileType = sourcecode.swift; path = AnyEncodable.swift; sourceTree = "<group>"; };
		705F68E42B89907700437FAA /* README.md */ = {isa = PBXFileReference; fileEncoding = 4; lastKnownFileType = net.daringfireball.markdown; path = README.md; sourceTree = SOURCE_ROOT; };
		705F68E62B8BEB7000437FAA /* DataCompression.swift */ = {isa = PBXFileReference; fileEncoding = 4; lastKnownFileType = sourcecode.swift; path = DataCompression.swift; sourceTree = "<group>"; };
		705F68E82B9451CC00437FAA /* Log.swift */ = {isa = PBXFileReference; fileEncoding = 4; lastKnownFileType = sourcecode.swift; path = Log.swift; sourceTree = "<group>"; };
		705F68EA2B94E33800437FAA /* Keycode.swift */ = {isa = PBXFileReference; lastKnownFileType = sourcecode.swift; path = Keycode.swift; sourceTree = "<group>"; };
/* End PBXFileReference section */

/* Begin PBXFrameworksBuildPhase section */
		705F68C62B820AD100437FAA /* Frameworks */ = {
			isa = PBXFrameworksBuildPhase;
			buildActionMask = 2147483647;
			files = (
			);
			runOnlyForDeploymentPostprocessing = 0;
		};
/* End PBXFrameworksBuildPhase section */

/* Begin PBXGroup section */
		705F68C02B820AD100437FAA = {
			isa = PBXGroup;
			children = (
				705F68CB2B820AD100437FAA /* kram-profile */,
				705F68CA2B820AD100437FAA /* Products */,
			);
			sourceTree = "<group>";
		};
		705F68CA2B820AD100437FAA /* Products */ = {
			isa = PBXGroup;
			children = (
				705F68C92B820AD100437FAA /* kram-profile.app */,
			);
			name = Products;
			sourceTree = "<group>";
		};
		705F68CB2B820AD100437FAA /* kram-profile */ = {
			isa = PBXGroup;
			children = (
				705F68DD2B86AB2000437FAA /* Info.plist */,
				705F68CC2B820AD100437FAA /* kram_profileApp.swift */,
				705F68EA2B94E33800437FAA /* Keycode.swift */,
				705F68D02B820AD200437FAA /* Assets.xcassets */,
				705F68DF2B87EB8000437FAA /* AnyCodable.swift */,
				705F68DE2B87EB8000437FAA /* AnyDecodable.swift */,
				705F68E02B87EB8000437FAA /* AnyEncodable.swift */,
				705F68E62B8BEB7000437FAA /* DataCompression.swift */,
				705F68E82B9451CC00437FAA /* Log.swift */,
				705F68D52B820AD200437FAA /* kram_profile.entitlements */,
				705F68E42B89907700437FAA /* README.md */,
				705F68D22B820AD200437FAA /* Preview Content */,
			);
			path = "kram-profile";
			sourceTree = "<group>";
		};
		705F68D22B820AD200437FAA /* Preview Content */ = {
			isa = PBXGroup;
			children = (
				705F68D32B820AD200437FAA /* Preview Assets.xcassets */,
			);
			path = "Preview Content";
			sourceTree = "<group>";
		};
/* End PBXGroup section */

/* Begin PBXNativeTarget section */
		705F68C82B820AD100437FAA /* kram-profile */ = {
			isa = PBXNativeTarget;
			buildConfigurationList = 705F68D82B820AD200437FAA /* Build configuration list for PBXNativeTarget "kram-profile" */;
			buildPhases = (
				705F68C52B820AD100437FAA /* Sources */,
				705F68C62B820AD100437FAA /* Frameworks */,
				705F68C72B820AD100437FAA /* Resources */,
			);
			buildRules = (
			);
			dependencies = (
			);
			name = "kram-profile";
			productName = "kram-profile";
			productReference = 705F68C92B820AD100437FAA /* kram-profile.app */;
			productType = "com.apple.product-type.application";
		};
/* End PBXNativeTarget section */

/* Begin PBXProject section */
		705F68C12B820AD100437FAA /* Project object */ = {
			isa = PBXProject;
			attributes = {
				BuildIndependentTargetsInParallel = 1;
				LastSwiftUpdateCheck = 1520;
				LastUpgradeCheck = 1520;
				TargetAttributes = {
					705F68C82B820AD100437FAA = {
						CreatedOnToolsVersion = 15.2;
					};
				};
			};
			buildConfigurationList = 705F68C42B820AD100437FAA /* Build configuration list for PBXProject "kram-profile" */;
			compatibilityVersion = "Xcode 14.0";
			developmentRegion = en;
			hasScannedForEncodings = 0;
			knownRegions = (
				en,
				Base,
			);
			mainGroup = 705F68C02B820AD100437FAA;
			productRefGroup = 705F68CA2B820AD100437FAA /* Products */;
			projectDirPath = "";
			projectRoot = "";
			targets = (
				705F68C82B820AD100437FAA /* kram-profile */,
			);
		};
/* End PBXProject section */

/* Begin PBXResourcesBuildPhase section */
		705F68C72B820AD100437FAA /* Resources */ = {
			isa = PBXResourcesBuildPhase;
			buildActionMask = 2147483647;
			files = (
				705F68E52B89907700437FAA /* README.md in Resources */,
				705F68D42B820AD200437FAA /* Preview Assets.xcassets in Resources */,
				705F68D12B820AD200437FAA /* Assets.xcassets in Resources */,
			);
			runOnlyForDeploymentPostprocessing = 0;
		};
/* End PBXResourcesBuildPhase section */

/* Begin PBXSourcesBuildPhase section */
		705F68C52B820AD100437FAA /* Sources */ = {
			isa = PBXSourcesBuildPhase;
			buildActionMask = 2147483647;
			files = (
				705F68E12B87EB8000437FAA /* AnyDecodable.swift in Sources */,
				705F68E32B87EB8000437FAA /* AnyEncodable.swift in Sources */,
				705F68E92B9451CC00437FAA /* Log.swift in Sources */,
				705F68EB2B94E33800437FAA /* Keycode.swift in Sources */,
				705F68E22B87EB8000437FAA /* AnyCodable.swift in Sources */,
				705F68CD2B820AD100437FAA /* kram_profileApp.swift in Sources */,
				705F68E72B8BEB7100437FAA /* DataCompression.swift in Sources */,
			);
			runOnlyForDeploymentPostprocessing = 0;
		};
/* End PBXSourcesBuildPhase section */

/* Begin XCBuildConfiguration section */
		705F68D62B820AD200437FAA /* Debug */ = {
			isa = XCBuildConfiguration;
			buildSettings = {
				ALWAYS_SEARCH_USER_PATHS = NO;
				ASSETCATALOG_COMPILER_GENERATE_SWIFT_ASSET_SYMBOL_EXTENSIONS = YES;
				CLANG_ANALYZER_NONNULL = YES;
				CLANG_ANALYZER_NUMBER_OBJECT_CONVERSION = YES_AGGRESSIVE;
				CLANG_CXX_LANGUAGE_STANDARD = "gnu++20";
				CLANG_ENABLE_MODULES = YES;
				CLANG_ENABLE_OBJC_ARC = YES;
				CLANG_ENABLE_OBJC_WEAK = YES;
				CLANG_WARN_BLOCK_CAPTURE_AUTORELEASING = YES;
				CLANG_WARN_BOOL_CONVERSION = YES;
				CLANG_WARN_COMMA = YES;
				CLANG_WARN_CONSTANT_CONVERSION = YES;
				CLANG_WARN_DEPRECATED_OBJC_IMPLEMENTATIONS = YES;
				CLANG_WARN_DIRECT_OBJC_ISA_USAGE = YES_ERROR;
				CLANG_WARN_DOCUMENTATION_COMMENTS = YES;
				CLANG_WARN_EMPTY_BODY = YES;
				CLANG_WARN_ENUM_CONVERSION = YES;
				CLANG_WARN_INFINITE_RECURSION = YES;
				CLANG_WARN_INT_CONVERSION = YES;
				CLANG_WARN_NON_LITERAL_NULL_CONVERSION = YES;
				CLANG_WARN_OBJC_IMPLICIT_RETAIN_SELF = YES;
				CLANG_WARN_OBJC_LITERAL_CONVERSION = YES;
				CLANG_WARN_OBJC_ROOT_CLASS = YES_ERROR;
				CLANG_WARN_QUOTED_INCLUDE_IN_FRAMEWORK_HEADER = YES;
				CLANG_WARN_RANGE_LOOP_ANALYSIS = YES;
				CLANG_WARN_STRICT_PROTOTYPES = YES;
				CLANG_WARN_SUSPICIOUS_MOVE = YES;
				CLANG_WARN_UNGUARDED_AVAILABILITY = YES_AGGRESSIVE;
				CLANG_WARN_UNREACHABLE_CODE = YES;
				CLANG_WARN__DUPLICATE_METHOD_MATCH = YES;
				COPY_PHASE_STRIP = NO;
				DEBUG_INFORMATION_FORMAT = dwarf;
				ENABLE_STRICT_OBJC_MSGSEND = YES;
				ENABLE_TESTABILITY = YES;
				ENABLE_USER_SCRIPT_SANDBOXING = YES;
				GCC_C_LANGUAGE_STANDARD = gnu17;
				GCC_DYNAMIC_NO_PIC = NO;
				GCC_NO_COMMON_BLOCKS = YES;
				GCC_OPTIMIZATION_LEVEL = 0;
				GCC_PREPROCESSOR_DEFINITIONS = (
					"DEBUG=1",
					"$(inherited)",
				);
				GCC_WARN_64_TO_32_BIT_CONVERSION = YES;
				GCC_WARN_ABOUT_RETURN_TYPE = YES_ERROR;
				GCC_WARN_UNDECLARED_SELECTOR = YES;
				GCC_WARN_UNINITIALIZED_AUTOS = YES_AGGRESSIVE;
				GCC_WARN_UNUSED_FUNCTION = YES;
				GCC_WARN_UNUSED_VARIABLE = YES;
				LOCALIZATION_PREFERS_STRING_CATALOGS = YES;
				MACOSX_DEPLOYMENT_TARGET = 13.0;
				MTL_ENABLE_DEBUG_INFO = INCLUDE_SOURCE;
				MTL_FAST_MATH = YES;
				ONLY_ACTIVE_ARCH = YES;
				SDKROOT = macosx;
				SWIFT_ACTIVE_COMPILATION_CONDITIONS = "DEBUG $(inherited)";
				SWIFT_OBJC_INTEROP_MODE = objcxx;
				SWIFT_OPTIMIZATION_LEVEL = "-Onone";
				SWIFT_VERSION = 5.0;
			};
			name = Debug;
		};
		705F68D72B820AD200437FAA /* Release */ = {
			isa = XCBuildConfiguration;
			buildSettings = {
				ALWAYS_SEARCH_USER_PATHS = NO;
				ASSETCATALOG_COMPILER_GENERATE_SWIFT_ASSET_SYMBOL_EXTENSIONS = YES;
				CLANG_ANALYZER_NONNULL = YES;
				CLANG_ANALYZER_NUMBER_OBJECT_CONVERSION = YES_AGGRESSIVE;
				CLANG_CXX_LANGUAGE_STANDARD = "gnu++20";
				CLANG_ENABLE_MODULES = YES;
				CLANG_ENABLE_OBJC_ARC = YES;
				CLANG_ENABLE_OBJC_WEAK = YES;
				CLANG_WARN_BLOCK_CAPTURE_AUTORELEASING = YES;
				CLANG_WARN_BOOL_CONVERSION = YES;
				CLANG_WARN_COMMA = YES;
				CLANG_WARN_CONSTANT_CONVERSION = YES;
				CLANG_WARN_DEPRECATED_OBJC_IMPLEMENTATIONS = YES;
				CLANG_WARN_DIRECT_OBJC_ISA_USAGE = YES_ERROR;
				CLANG_WARN_DOCUMENTATION_COMMENTS = YES;
				CLANG_WARN_EMPTY_BODY = YES;
				CLANG_WARN_ENUM_CONVERSION = YES;
				CLANG_WARN_INFINITE_RECURSION = YES;
				CLANG_WARN_INT_CONVERSION = YES;
				CLANG_WARN_NON_LITERAL_NULL_CONVERSION = YES;
				CLANG_WARN_OBJC_IMPLICIT_RETAIN_SELF = YES;
				CLANG_WARN_OBJC_LITERAL_CONVERSION = YES;
				CLANG_WARN_OBJC_ROOT_CLASS = YES_ERROR;
				CLANG_WARN_QUOTED_INCLUDE_IN_FRAMEWORK_HEADER = YES;
				CLANG_WARN_RANGE_LOOP_ANALYSIS = YES;
				CLANG_WARN_STRICT_PROTOTYPES = YES;
				CLANG_WARN_SUSPICIOUS_MOVE = YES;
				CLANG_WARN_UNGUARDED_AVAILABILITY = YES_AGGRESSIVE;
				CLANG_WARN_UNREACHABLE_CODE = YES;
				CLANG_WARN__DUPLICATE_METHOD_MATCH = YES;
				COPY_PHASE_STRIP = NO;
				DEBUG_INFORMATION_FORMAT = "dwarf-with-dsym";
				ENABLE_NS_ASSERTIONS = NO;
				ENABLE_STRICT_OBJC_MSGSEND = YES;
				ENABLE_USER_SCRIPT_SANDBOXING = YES;
				GCC_C_LANGUAGE_STANDARD = gnu17;
				GCC_NO_COMMON_BLOCKS = YES;
				GCC_WARN_64_TO_32_BIT_CONVERSION = YES;
				GCC_WARN_ABOUT_RETURN_TYPE = YES_ERROR;
				GCC_WARN_UNDECLARED_SELECTOR = YES;
				GCC_WARN_UNINITIALIZED_AUTOS = YES_AGGRESSIVE;
				GCC_WARN_UNUSED_FUNCTION = YES;
				GCC_WARN_UNUSED_VARIABLE = YES;
				LOCALIZATION_PREFERS_STRING_CATALOGS = YES;
				MACOSX_DEPLOYMENT_TARGET = 13.0;
				MTL_ENABLE_DEBUG_INFO = NO;
				MTL_FAST_MATH = YES;
				SDKROOT = macosx;
				SWIFT_ACTIVE_COMPILATION_CONDITIONS = "";
				SWIFT_COMPILATION_MODE = wholemodule;
				SWIFT_OBJC_INTEROP_MODE = objcxx;
				SWIFT_VERSION = 5.0;
			};
			name = Release;
		};
		705F68D92B820AD200437FAA /* Debug */ = {
			isa = XCBuildConfiguration;
			buildSettings = {
				ASSETCATALOG_COMPILER_APPICON_NAME = AppIcon;
				ASSETCATALOG_COMPILER_GLOBAL_ACCENT_COLOR_NAME = AccentColor;
				CODE_SIGN_ENTITLEMENTS = "kram-profile/kram_profile.entitlements";
				CODE_SIGN_STYLE = Automatic;
				COMBINE_HIDPI_IMAGES = YES;
				CURRENT_PROJECT_VERSION = 1;
				DEVELOPMENT_ASSET_PATHS = "\"kram-profile/Preview Content\"";
				ENABLE_PREVIEWS = YES;
				GENERATE_INFOPLIST_FILE = YES;
				INFOPLIST_FILE = "kram-profile/Info.plist";
				INFOPLIST_KEY_LSApplicationCategoryType = "public.app-category.developer-tools";
				INFOPLIST_KEY_NSHumanReadableCopyright = "";
				LD_RUNPATH_SEARCH_PATHS = (
					"$(inherited)",
					"@executable_path/../Frameworks",
				);
				MARKETING_VERSION = 1.0;
				PRODUCT_BUNDLE_IDENTIFIER = "com.hialec.kram-profile";
				PRODUCT_NAME = "$(TARGET_NAME)";
				SWIFT_EMIT_LOC_STRINGS = YES;
				SWIFT_VERSION = 5.0;
			};
			name = Debug;
		};
		705F68DA2B820AD200437FAA /* Release */ = {
			isa = XCBuildConfiguration;
			buildSettings = {
				ASSETCATALOG_COMPILER_APPICON_NAME = AppIcon;
				ASSETCATALOG_COMPILER_GLOBAL_ACCENT_COLOR_NAME = AccentColor;
				CODE_SIGN_ENTITLEMENTS = "kram-profile/kram_profile.entitlements";
				CODE_SIGN_STYLE = Automatic;
				COMBINE_HIDPI_IMAGES = YES;
				CURRENT_PROJECT_VERSION = 1;
				DEVELOPMENT_ASSET_PATHS = "\"kram-profile/Preview Content\"";
				ENABLE_PREVIEWS = YES;
				GENERATE_INFOPLIST_FILE = YES;
				INFOPLIST_FILE = "kram-profile/Info.plist";
				INFOPLIST_KEY_LSApplicationCategoryType = "public.app-category.developer-tools";
				INFOPLIST_KEY_NSHumanReadableCopyright = "";
				LD_RUNPATH_SEARCH_PATHS = (
					"$(inherited)",
					"@executable_path/../Frameworks",
				);
				MARKETING_VERSION = 1.0;
				PRODUCT_BUNDLE_IDENTIFIER = "com.hialec.kram-profile";
				PRODUCT_NAME = "$(TARGET_NAME)";
				SWIFT_EMIT_LOC_STRINGS = YES;
				SWIFT_VERSION = 5.0;
			};
			name = Release;
		};
/* End XCBuildConfiguration section */

/* Begin XCConfigurationList section */
		705F68C42B820AD100437FAA /* Build configuration list for PBXProject "kram-profile" */ = {
			isa = XCConfigurationList;
			buildConfigurations = (
				705F68D62B820AD200437FAA /* Debug */,
				705F68D72B820AD200437FAA /* Release */,
			);
			defaultConfigurationIsVisible = 0;
			defaultConfigurationName = Release;
		};
		705F68D82B820AD200437FAA /* Build configuration list for PBXNativeTarget "kram-profile" */ = {
			isa = XCConfigurationList;
			buildConfigurations = (
				705F68D92B820AD200437FAA /* Debug */,
				705F68DA2B820AD200437FAA /* Release */,
			);
			defaultConfigurationIsVisible = 0;
			defaultConfigurationName = Release;
		};
/* End XCConfigurationList section */
	};
	rootObject = 705F68C12B820AD100437FAA /* Project object */;
}
