// !$*UTF8*$!
{
	archiveVersion = 1;
	classes = {
	};
	objectVersion = 50;
	objects = {

/* Begin PBXBuildFile section */
		706EF23926D17A81001C950E /* KramViewerMain.mm in Sources */ = {isa = PBXBuildFile; fileRef = 706EF22C26D17A81001C950E /* KramViewerMain.mm */; };
		706EF23B26D17A81001C950E /* KramViewerBase.cpp in Sources */ = {isa = PBXBuildFile; fileRef = 706EF22F26D17A81001C950E /* KramViewerBase.cpp */; };
		706EF23C26D17A81001C950E /* KramLoader.mm in Sources */ = {isa = PBXBuildFile; fileRef = 706EF23026D17A81001C950E /* KramLoader.mm */; };
		706EF23D26D17A81001C950E /* Assets.xcassets in Resources */ = {isa = PBXBuildFile; fileRef = 706EF23126D17A81001C950E /* Assets.xcassets */; };
		706EF23E26D17A81001C950E /* Main.storyboard in Resources */ = {isa = PBXBuildFile; fileRef = 706EF23326D17A81001C950E /* Main.storyboard */; };
		706EF23F26D17A81001C950E /* KramShaders.metal in Sources */ = {isa = PBXBuildFile; fileRef = 706EF23626D17A81001C950E /* KramShaders.metal */; };
		706EF24026D17A81001C950E /* KramRenderer.mm in Sources */ = {isa = PBXBuildFile; fileRef = 706EF23726D17A81001C950E /* KramRenderer.mm */; };
		706EF24926D17BC2001C950E /* libkram.a in Frameworks */ = {isa = PBXBuildFile; fileRef = 706EF24826D17BC2001C950E /* libkram.a */; };
		706EF24D26D17C30001C950E /* ModelIO.framework in Frameworks */ = {isa = PBXBuildFile; fileRef = 706EF24C26D17C30001C950E /* ModelIO.framework */; };
		706EF24F26D17C43001C950E /* Foundation.framework in Frameworks */ = {isa = PBXBuildFile; fileRef = 706EF24E26D17C43001C950E /* Foundation.framework */; };
		706EF25226D17C6F001C950E /* MetalKit.framework in Frameworks */ = {isa = PBXBuildFile; fileRef = 706EF25126D17C6F001C950E /* MetalKit.framework */; };
		706EF25526D17C85001C950E /* Metal.framework in Frameworks */ = {isa = PBXBuildFile; fileRef = 706EF25426D17C85001C950E /* Metal.framework */; };
		706EF25726D17C9D001C950E /* AppKit.framework in Frameworks */ = {isa = PBXBuildFile; fileRef = 706EF25626D17C9D001C950E /* AppKit.framework */; };
		706EF26726D17DFA001C950E /* libate.tbd in Frameworks */ = {isa = PBXBuildFile; fileRef = 706EF25926D17CAA001C950E /* libate.tbd */; };
		70E33EC826E536BF00CBA422 /* QuickLookThumbnailing.framework in Frameworks */ = {isa = PBXBuildFile; fileRef = 70E33EC726E536BF00CBA422 /* QuickLookThumbnailing.framework */; };
		70E33ECA26E536BF00CBA422 /* Quartz.framework in Frameworks */ = {isa = PBXBuildFile; fileRef = 70E33EC926E536BF00CBA422 /* Quartz.framework */; };
		70E33ECE26E536BF00CBA422 /* KramThumbnailProvider.mm in Sources */ = {isa = PBXBuildFile; fileRef = 70E33ECD26E536BF00CBA422 /* KramThumbnailProvider.mm */; };
		70E33ED326E536BF00CBA422 /* kram-thumb.appex in Embed App Extensions */ = {isa = PBXBuildFile; fileRef = 70E33EC626E536BF00CBA422 /* kram-thumb.appex */; settings = {ATTRIBUTES = (RemoveHeadersOnCopy, ); }; };
		70E33ED826E5377000CBA422 /* libkram.a in Frameworks */ = {isa = PBXBuildFile; fileRef = 706EF24826D17BC2001C950E /* libkram.a */; };
		70E33ED926E5378800CBA422 /* libate.tbd in Frameworks */ = {isa = PBXBuildFile; fileRef = 706EF25926D17CAA001C950E /* libate.tbd */; };
		70E33EDB26E5379900CBA422 /* CoreGraphics.framework in Frameworks */ = {isa = PBXBuildFile; fileRef = 70E33EDA26E5379900CBA422 /* CoreGraphics.framework */; };
		70E33EDD26E537AD00CBA422 /* Accelerate.framework in Frameworks */ = {isa = PBXBuildFile; fileRef = 70E33EDC26E537AD00CBA422 /* Accelerate.framework */; };
		70E33EE326E5478900CBA422 /* Quartz.framework in Frameworks */ = {isa = PBXBuildFile; fileRef = 70E33EC926E536BF00CBA422 /* Quartz.framework */; };
		70E33EE726E5478900CBA422 /* KramPreviewViewController.mm in Sources */ = {isa = PBXBuildFile; fileRef = 70E33EE626E5478900CBA422 /* KramPreviewViewController.mm */; };
		70E33EEA26E5478900CBA422 /* KramPreviewViewController.xib in Resources */ = {isa = PBXBuildFile; fileRef = 70E33EE826E5478900CBA422 /* KramPreviewViewController.xib */; };
		70E33EEF26E5478900CBA422 /* kram-preview.appex in Embed App Extensions */ = {isa = PBXBuildFile; fileRef = 70E33EE226E5478900CBA422 /* kram-preview.appex */; settings = {ATTRIBUTES = (RemoveHeadersOnCopy, ); }; };
		70E33EF326E548C700CBA422 /* libkram.a in Frameworks */ = {isa = PBXBuildFile; fileRef = 706EF24826D17BC2001C950E /* libkram.a */; };
		70E33EF426E548CF00CBA422 /* libate.tbd in Frameworks */ = {isa = PBXBuildFile; fileRef = 706EF25926D17CAA001C950E /* libate.tbd */; };
		70E33EF526E548D800CBA422 /* CoreGraphics.framework in Frameworks */ = {isa = PBXBuildFile; fileRef = 70E33EDA26E5379900CBA422 /* CoreGraphics.framework */; };
		70E33EF626E548E200CBA422 /* Accelerate.framework in Frameworks */ = {isa = PBXBuildFile; fileRef = 70E33EDC26E537AD00CBA422 /* Accelerate.framework */; };
		70E33EF726E553B900CBA422 /* AppKit.framework in Frameworks */ = {isa = PBXBuildFile; fileRef = 706EF25626D17C9D001C950E /* AppKit.framework */; };
/* End PBXBuildFile section */

/* Begin PBXContainerItemProxy section */
		70E33ED126E536BF00CBA422 /* PBXContainerItemProxy */ = {
			isa = PBXContainerItemProxy;
			containerPortal = 706EF20726D17A26001C950E /* Project object */;
			proxyType = 1;
			remoteGlobalIDString = 70E33EC526E536BF00CBA422;
			remoteInfo = "kram-thumb";
		};
		70E33EED26E5478900CBA422 /* PBXContainerItemProxy */ = {
			isa = PBXContainerItemProxy;
			containerPortal = 706EF20726D17A26001C950E /* Project object */;
			proxyType = 1;
			remoteGlobalIDString = 70E33EE126E5478900CBA422;
			remoteInfo = "kram-preview";
		};
/* End PBXContainerItemProxy section */

/* Begin PBXCopyFilesBuildPhase section */
		70E33ED426E536BF00CBA422 /* Embed App Extensions */ = {
			isa = PBXCopyFilesBuildPhase;
			buildActionMask = 2147483647;
			dstPath = "";
			dstSubfolderSpec = 13;
			files = (
				70E33EEF26E5478900CBA422 /* kram-preview.appex in Embed App Extensions */,
				70E33ED326E536BF00CBA422 /* kram-thumb.appex in Embed App Extensions */,
			);
			name = "Embed App Extensions";
			runOnlyForDeploymentPostprocessing = 0;
		};
/* End PBXCopyFilesBuildPhase section */

/* Begin PBXFileReference section */
		706EF20F26D17A26001C950E /* kramv.app */ = {isa = PBXFileReference; explicitFileType = wrapper.application; includeInIndex = 0; path = kramv.app; sourceTree = BUILT_PRODUCTS_DIR; };
		706EF22A26D17A81001C950E /* KramViewerBase.h */ = {isa = PBXFileReference; fileEncoding = 4; lastKnownFileType = sourcecode.c.h; path = KramViewerBase.h; sourceTree = "<group>"; };
		706EF22B26D17A81001C950E /* kramv.entitlements */ = {isa = PBXFileReference; fileEncoding = 4; lastKnownFileType = text.plist.entitlements; path = kramv.entitlements; sourceTree = "<group>"; };
		706EF22C26D17A81001C950E /* KramViewerMain.mm */ = {isa = PBXFileReference; fileEncoding = 4; lastKnownFileType = sourcecode.cpp.objcpp; path = KramViewerMain.mm; sourceTree = "<group>"; };
		706EF22E26D17A81001C950E /* KramShaders.h */ = {isa = PBXFileReference; fileEncoding = 4; lastKnownFileType = sourcecode.c.h; path = KramShaders.h; sourceTree = "<group>"; };
		706EF22F26D17A81001C950E /* KramViewerBase.cpp */ = {isa = PBXFileReference; fileEncoding = 4; lastKnownFileType = sourcecode.cpp.cpp; path = KramViewerBase.cpp; sourceTree = "<group>"; };
		706EF23026D17A81001C950E /* KramLoader.mm */ = {isa = PBXFileReference; fileEncoding = 4; lastKnownFileType = sourcecode.cpp.objcpp; path = KramLoader.mm; sourceTree = "<group>"; };
		706EF23126D17A81001C950E /* Assets.xcassets */ = {isa = PBXFileReference; lastKnownFileType = folder.assetcatalog; path = Assets.xcassets; sourceTree = "<group>"; };
		706EF23226D17A81001C950E /* KramRenderer.h */ = {isa = PBXFileReference; fileEncoding = 4; lastKnownFileType = sourcecode.c.h; path = KramRenderer.h; sourceTree = "<group>"; };
		706EF23426D17A81001C950E /* Base */ = {isa = PBXFileReference; lastKnownFileType = file.storyboard; name = Base; path = Base.lproj/Main.storyboard; sourceTree = "<group>"; };
		706EF23526D17A81001C950E /* KramLoader.h */ = {isa = PBXFileReference; fileEncoding = 4; lastKnownFileType = sourcecode.c.h; path = KramLoader.h; sourceTree = "<group>"; };
		706EF23626D17A81001C950E /* KramShaders.metal */ = {isa = PBXFileReference; fileEncoding = 4; lastKnownFileType = sourcecode.metal; path = KramShaders.metal; sourceTree = "<group>"; };
		706EF23726D17A81001C950E /* KramRenderer.mm */ = {isa = PBXFileReference; fileEncoding = 4; lastKnownFileType = sourcecode.cpp.objcpp; path = KramRenderer.mm; sourceTree = "<group>"; };
		706EF23826D17A81001C950E /* Info.plist */ = {isa = PBXFileReference; fileEncoding = 4; lastKnownFileType = text.plist.xml; path = Info.plist; sourceTree = "<group>"; };
		706EF24826D17BC2001C950E /* libkram.a */ = {isa = PBXFileReference; explicitFileType = archive.ar; path = libkram.a; sourceTree = BUILT_PRODUCTS_DIR; };
		706EF24C26D17C30001C950E /* ModelIO.framework */ = {isa = PBXFileReference; lastKnownFileType = wrapper.framework; name = ModelIO.framework; path = System/Library/Frameworks/ModelIO.framework; sourceTree = SDKROOT; };
		706EF24E26D17C43001C950E /* Foundation.framework */ = {isa = PBXFileReference; lastKnownFileType = wrapper.framework; name = Foundation.framework; path = System/Library/Frameworks/Foundation.framework; sourceTree = SDKROOT; };
		706EF25126D17C6F001C950E /* MetalKit.framework */ = {isa = PBXFileReference; lastKnownFileType = wrapper.framework; name = MetalKit.framework; path = System/Library/Frameworks/MetalKit.framework; sourceTree = SDKROOT; };
		706EF25426D17C85001C950E /* Metal.framework */ = {isa = PBXFileReference; lastKnownFileType = wrapper.framework; name = Metal.framework; path = System/Library/Frameworks/Metal.framework; sourceTree = SDKROOT; };
		706EF25626D17C9D001C950E /* AppKit.framework */ = {isa = PBXFileReference; lastKnownFileType = wrapper.framework; name = AppKit.framework; path = System/Library/Frameworks/AppKit.framework; sourceTree = SDKROOT; };
		706EF25926D17CAA001C950E /* libate.tbd */ = {isa = PBXFileReference; lastKnownFileType = "sourcecode.text-based-dylib-definition"; name = libate.tbd; path = usr/lib/libate.tbd; sourceTree = SDKROOT; };
		70E33EC626E536BF00CBA422 /* kram-thumb.appex */ = {isa = PBXFileReference; explicitFileType = "wrapper.app-extension"; includeInIndex = 0; path = "kram-thumb.appex"; sourceTree = BUILT_PRODUCTS_DIR; };
		70E33EC726E536BF00CBA422 /* QuickLookThumbnailing.framework */ = {isa = PBXFileReference; lastKnownFileType = wrapper.framework; name = QuickLookThumbnailing.framework; path = System/Library/Frameworks/QuickLookThumbnailing.framework; sourceTree = SDKROOT; };
		70E33EC926E536BF00CBA422 /* Quartz.framework */ = {isa = PBXFileReference; lastKnownFileType = wrapper.framework; name = Quartz.framework; path = System/Library/Frameworks/Quartz.framework; sourceTree = SDKROOT; };
		70E33ECC26E536BF00CBA422 /* KramThumbnailProvider.h */ = {isa = PBXFileReference; lastKnownFileType = sourcecode.c.h; path = KramThumbnailProvider.h; sourceTree = "<group>"; };
		70E33ECD26E536BF00CBA422 /* KramThumbnailProvider.mm */ = {isa = PBXFileReference; lastKnownFileType = sourcecode.cpp.objcpp; path = KramThumbnailProvider.mm; sourceTree = "<group>"; };
		70E33ECF26E536BF00CBA422 /* Info.plist */ = {isa = PBXFileReference; lastKnownFileType = text.plist.xml; path = Info.plist; sourceTree = "<group>"; };
		70E33ED026E536BF00CBA422 /* kram_thumb.entitlements */ = {isa = PBXFileReference; lastKnownFileType = text.plist.entitlements; path = kram_thumb.entitlements; sourceTree = "<group>"; };
		70E33EDA26E5379900CBA422 /* CoreGraphics.framework */ = {isa = PBXFileReference; lastKnownFileType = wrapper.framework; name = CoreGraphics.framework; path = System/Library/Frameworks/CoreGraphics.framework; sourceTree = SDKROOT; };
		70E33EDC26E537AD00CBA422 /* Accelerate.framework */ = {isa = PBXFileReference; lastKnownFileType = wrapper.framework; name = Accelerate.framework; path = System/Library/Frameworks/Accelerate.framework; sourceTree = SDKROOT; };
		70E33EE226E5478900CBA422 /* kram-preview.appex */ = {isa = PBXFileReference; explicitFileType = "wrapper.app-extension"; includeInIndex = 0; path = "kram-preview.appex"; sourceTree = BUILT_PRODUCTS_DIR; };
		70E33EE526E5478900CBA422 /* KramPreviewViewController.h */ = {isa = PBXFileReference; lastKnownFileType = sourcecode.c.h; path = KramPreviewViewController.h; sourceTree = "<group>"; };
		70E33EE626E5478900CBA422 /* KramPreviewViewController.mm */ = {isa = PBXFileReference; lastKnownFileType = sourcecode.cpp.objcpp; path = KramPreviewViewController.mm; sourceTree = "<group>"; };
		70E33EE926E5478900CBA422 /* Base */ = {isa = PBXFileReference; lastKnownFileType = file.xib; name = Base; path = Base.lproj/KramPreviewViewController.xib; sourceTree = "<group>"; };
		70E33EEB26E5478900CBA422 /* Info.plist */ = {isa = PBXFileReference; lastKnownFileType = text.plist.xml; path = Info.plist; sourceTree = "<group>"; };
		70E33EEC26E5478900CBA422 /* kram_preview.entitlements */ = {isa = PBXFileReference; lastKnownFileType = text.plist.entitlements; path = kram_preview.entitlements; sourceTree = "<group>"; };
/* End PBXFileReference section */

/* Begin PBXFrameworksBuildPhase section */
		706EF20C26D17A26001C950E /* Frameworks */ = {
			isa = PBXFrameworksBuildPhase;
			buildActionMask = 2147483647;
			files = (
				706EF24D26D17C30001C950E /* ModelIO.framework in Frameworks */,
				706EF25226D17C6F001C950E /* MetalKit.framework in Frameworks */,
				706EF25526D17C85001C950E /* Metal.framework in Frameworks */,
				706EF25726D17C9D001C950E /* AppKit.framework in Frameworks */,
				706EF26726D17DFA001C950E /* libate.tbd in Frameworks */,
				706EF24F26D17C43001C950E /* Foundation.framework in Frameworks */,
				706EF24926D17BC2001C950E /* libkram.a in Frameworks */,
			);
			runOnlyForDeploymentPostprocessing = 0;
		};
		70E33EC326E536BF00CBA422 /* Frameworks */ = {
			isa = PBXFrameworksBuildPhase;
			buildActionMask = 2147483647;
			files = (
				70E33EC826E536BF00CBA422 /* QuickLookThumbnailing.framework in Frameworks */,
				70E33ECA26E536BF00CBA422 /* Quartz.framework in Frameworks */,
				70E33ED826E5377000CBA422 /* libkram.a in Frameworks */,
				70E33EDD26E537AD00CBA422 /* Accelerate.framework in Frameworks */,
				70E33EDB26E5379900CBA422 /* CoreGraphics.framework in Frameworks */,
				70E33ED926E5378800CBA422 /* libate.tbd in Frameworks */,
			);
			runOnlyForDeploymentPostprocessing = 0;
		};
		70E33EDF26E5478900CBA422 /* Frameworks */ = {
			isa = PBXFrameworksBuildPhase;
			buildActionMask = 2147483647;
			files = (
				70E33EF526E548D800CBA422 /* CoreGraphics.framework in Frameworks */,
				70E33EF426E548CF00CBA422 /* libate.tbd in Frameworks */,
				70E33EF626E548E200CBA422 /* Accelerate.framework in Frameworks */,
				70E33EF726E553B900CBA422 /* AppKit.framework in Frameworks */,
				70E33EF326E548C700CBA422 /* libkram.a in Frameworks */,
				70E33EE326E5478900CBA422 /* Quartz.framework in Frameworks */,
			);
			runOnlyForDeploymentPostprocessing = 0;
		};
/* End PBXFrameworksBuildPhase section */

/* Begin PBXGroup section */
		706EF20626D17A26001C950E = {
			isa = PBXGroup;
			children = (
				706EF22926D17A81001C950E /* kramv */,
				70E33ECB26E536BF00CBA422 /* kram-thumb */,
				70E33EE426E5478900CBA422 /* kram-preview */,
				706EF21026D17A26001C950E /* Products */,
				706EF24726D17BC2001C950E /* Frameworks */,
			);
			sourceTree = "<group>";
		};
		706EF21026D17A26001C950E /* Products */ = {
			isa = PBXGroup;
			children = (
				706EF20F26D17A26001C950E /* kramv.app */,
				70E33EC626E536BF00CBA422 /* kram-thumb.appex */,
				70E33EE226E5478900CBA422 /* kram-preview.appex */,
			);
			name = Products;
			sourceTree = "<group>";
		};
		706EF22926D17A81001C950E /* kramv */ = {
			isa = PBXGroup;
			children = (
				706EF22A26D17A81001C950E /* KramViewerBase.h */,
				706EF22C26D17A81001C950E /* KramViewerMain.mm */,
				706EF22F26D17A81001C950E /* KramViewerBase.cpp */,
				706EF23026D17A81001C950E /* KramLoader.mm */,
				706EF23226D17A81001C950E /* KramRenderer.h */,
				706EF23526D17A81001C950E /* KramLoader.h */,
				706EF22E26D17A81001C950E /* KramShaders.h */,
				706EF23626D17A81001C950E /* KramShaders.metal */,
				706EF23726D17A81001C950E /* KramRenderer.mm */,
				706EF22B26D17A81001C950E /* kramv.entitlements */,
				706EF23126D17A81001C950E /* Assets.xcassets */,
				706EF23326D17A81001C950E /* Main.storyboard */,
				706EF23826D17A81001C950E /* Info.plist */,
			);
			name = kramv;
			path = ../kramv;
			sourceTree = "<group>";
		};
		706EF24726D17BC2001C950E /* Frameworks */ = {
			isa = PBXGroup;
			children = (
				70E33EDC26E537AD00CBA422 /* Accelerate.framework */,
				70E33EDA26E5379900CBA422 /* CoreGraphics.framework */,
				706EF25926D17CAA001C950E /* libate.tbd */,
				706EF25626D17C9D001C950E /* AppKit.framework */,
				706EF25426D17C85001C950E /* Metal.framework */,
				706EF25126D17C6F001C950E /* MetalKit.framework */,
				706EF24E26D17C43001C950E /* Foundation.framework */,
				706EF24C26D17C30001C950E /* ModelIO.framework */,
				706EF24826D17BC2001C950E /* libkram.a */,
				70E33EC726E536BF00CBA422 /* QuickLookThumbnailing.framework */,
				70E33EC926E536BF00CBA422 /* Quartz.framework */,
			);
			name = Frameworks;
			sourceTree = "<group>";
		};
		70E33ECB26E536BF00CBA422 /* kram-thumb */ = {
			isa = PBXGroup;
			children = (
				70E33ECC26E536BF00CBA422 /* KramThumbnailProvider.h */,
				70E33ECD26E536BF00CBA422 /* KramThumbnailProvider.mm */,
				70E33ECF26E536BF00CBA422 /* Info.plist */,
				70E33ED026E536BF00CBA422 /* kram_thumb.entitlements */,
			);
			name = "kram-thumb";
			path = "../kram-thumb";
			sourceTree = "<group>";
		};
		70E33EE426E5478900CBA422 /* kram-preview */ = {
			isa = PBXGroup;
			children = (
				70E33EE526E5478900CBA422 /* KramPreviewViewController.h */,
				70E33EE626E5478900CBA422 /* KramPreviewViewController.mm */,
				70E33EE826E5478900CBA422 /* KramPreviewViewController.xib */,
				70E33EEB26E5478900CBA422 /* Info.plist */,
				70E33EEC26E5478900CBA422 /* kram_preview.entitlements */,
			);
			name = "kram-preview";
			path = "../kram-preview";
			sourceTree = "<group>";
		};
/* End PBXGroup section */

/* Begin PBXNativeTarget section */
		706EF20E26D17A26001C950E /* kramv */ = {
			isa = PBXNativeTarget;
			buildConfigurationList = 706EF22326D17A2E001C950E /* Build configuration list for PBXNativeTarget "kramv" */;
			buildPhases = (
				706EF20B26D17A26001C950E /* Sources */,
				706EF20C26D17A26001C950E /* Frameworks */,
				706EF20D26D17A26001C950E /* Resources */,
				70E33ED426E536BF00CBA422 /* Embed App Extensions */,
			);
			buildRules = (
			);
			dependencies = (
				70E33ED226E536BF00CBA422 /* PBXTargetDependency */,
				70E33EEE26E5478900CBA422 /* PBXTargetDependency */,
			);
			name = kramv;
			productName = kramv;
			productReference = 706EF20F26D17A26001C950E /* kramv.app */;
			productType = "com.apple.product-type.application";
		};
		70E33EC526E536BF00CBA422 /* kram-thumb */ = {
			isa = PBXNativeTarget;
			buildConfigurationList = 70E33ED726E536BF00CBA422 /* Build configuration list for PBXNativeTarget "kram-thumb" */;
			buildPhases = (
				70E33EC226E536BF00CBA422 /* Sources */,
				70E33EC326E536BF00CBA422 /* Frameworks */,
				70E33EC426E536BF00CBA422 /* Resources */,
			);
			buildRules = (
			);
			dependencies = (
			);
			name = "kram-thumb";
			productName = "kram-thumb";
			productReference = 70E33EC626E536BF00CBA422 /* kram-thumb.appex */;
			productType = "com.apple.product-type.app-extension";
		};
		70E33EE126E5478900CBA422 /* kram-preview */ = {
			isa = PBXNativeTarget;
			buildConfigurationList = 70E33EF026E5478900CBA422 /* Build configuration list for PBXNativeTarget "kram-preview" */;
			buildPhases = (
				70E33EDE26E5478900CBA422 /* Sources */,
				70E33EDF26E5478900CBA422 /* Frameworks */,
				70E33EE026E5478900CBA422 /* Resources */,
			);
			buildRules = (
			);
			dependencies = (
			);
			name = "kram-preview";
			productName = "kram-preview";
			productReference = 70E33EE226E5478900CBA422 /* kram-preview.appex */;
			productType = "com.apple.product-type.app-extension";
		};
/* End PBXNativeTarget section */

/* Begin PBXProject section */
		706EF20726D17A26001C950E /* Project object */ = {
			isa = PBXProject;
			attributes = {
				LastUpgradeCheck = 1240;
				TargetAttributes = {
					706EF20E26D17A26001C950E = {
						CreatedOnToolsVersion = 12.4;
					};
					70E33EC526E536BF00CBA422 = {
						CreatedOnToolsVersion = 12.5.1;
					};
					70E33EE126E5478900CBA422 = {
						CreatedOnToolsVersion = 12.5.1;
					};
				};
			};
			buildConfigurationList = 706EF20A26D17A26001C950E /* Build configuration list for PBXProject "kramv" */;
			compatibilityVersion = "Xcode 9.3";
			developmentRegion = en;
			hasScannedForEncodings = 0;
			knownRegions = (
				en,
				Base,
			);
			mainGroup = 706EF20626D17A26001C950E;
			productRefGroup = 706EF21026D17A26001C950E /* Products */;
			projectDirPath = "";
			projectRoot = "";
			targets = (
				706EF20E26D17A26001C950E /* kramv */,
				70E33EC526E536BF00CBA422 /* kram-thumb */,
				70E33EE126E5478900CBA422 /* kram-preview */,
			);
		};
/* End PBXProject section */

/* Begin PBXResourcesBuildPhase section */
		706EF20D26D17A26001C950E /* Resources */ = {
			isa = PBXResourcesBuildPhase;
			buildActionMask = 2147483647;
			files = (
				706EF23E26D17A81001C950E /* Main.storyboard in Resources */,
				706EF23D26D17A81001C950E /* Assets.xcassets in Resources */,
			);
			runOnlyForDeploymentPostprocessing = 0;
		};
		70E33EC426E536BF00CBA422 /* Resources */ = {
			isa = PBXResourcesBuildPhase;
			buildActionMask = 2147483647;
			files = (
			);
			runOnlyForDeploymentPostprocessing = 0;
		};
		70E33EE026E5478900CBA422 /* Resources */ = {
			isa = PBXResourcesBuildPhase;
			buildActionMask = 2147483647;
			files = (
				70E33EEA26E5478900CBA422 /* KramPreviewViewController.xib in Resources */,
			);
			runOnlyForDeploymentPostprocessing = 0;
		};
/* End PBXResourcesBuildPhase section */

/* Begin PBXSourcesBuildPhase section */
		706EF20B26D17A26001C950E /* Sources */ = {
			isa = PBXSourcesBuildPhase;
			buildActionMask = 2147483647;
			files = (
				706EF23C26D17A81001C950E /* KramLoader.mm in Sources */,
				706EF24026D17A81001C950E /* KramRenderer.mm in Sources */,
				706EF23926D17A81001C950E /* KramViewerMain.mm in Sources */,
				706EF23B26D17A81001C950E /* KramViewerBase.cpp in Sources */,
				706EF23F26D17A81001C950E /* KramShaders.metal in Sources */,
			);
			runOnlyForDeploymentPostprocessing = 0;
		};
		70E33EC226E536BF00CBA422 /* Sources */ = {
			isa = PBXSourcesBuildPhase;
			buildActionMask = 2147483647;
			files = (
				70E33ECE26E536BF00CBA422 /* KramThumbnailProvider.mm in Sources */,
			);
			runOnlyForDeploymentPostprocessing = 0;
		};
		70E33EDE26E5478900CBA422 /* Sources */ = {
			isa = PBXSourcesBuildPhase;
			buildActionMask = 2147483647;
			files = (
				70E33EE726E5478900CBA422 /* KramPreviewViewController.mm in Sources */,
			);
			runOnlyForDeploymentPostprocessing = 0;
		};
/* End PBXSourcesBuildPhase section */

/* Begin PBXTargetDependency section */
		70E33ED226E536BF00CBA422 /* PBXTargetDependency */ = {
			isa = PBXTargetDependency;
			target = 70E33EC526E536BF00CBA422 /* kram-thumb */;
			targetProxy = 70E33ED126E536BF00CBA422 /* PBXContainerItemProxy */;
		};
		70E33EEE26E5478900CBA422 /* PBXTargetDependency */ = {
			isa = PBXTargetDependency;
			target = 70E33EE126E5478900CBA422 /* kram-preview */;
			targetProxy = 70E33EED26E5478900CBA422 /* PBXContainerItemProxy */;
		};
/* End PBXTargetDependency section */

/* Begin PBXVariantGroup section */
		706EF23326D17A81001C950E /* Main.storyboard */ = {
			isa = PBXVariantGroup;
			children = (
				706EF23426D17A81001C950E /* Base */,
			);
			name = Main.storyboard;
			sourceTree = "<group>";
		};
		70E33EE826E5478900CBA422 /* KramPreviewViewController.xib */ = {
			isa = PBXVariantGroup;
			children = (
				70E33EE926E5478900CBA422 /* Base */,
			);
			name = KramPreviewViewController.xib;
			sourceTree = "<group>";
		};
/* End PBXVariantGroup section */

/* Begin XCBuildConfiguration section */
		706EF22126D17A2E001C950E /* Debug */ = {
			isa = XCBuildConfiguration;
			buildSettings = {
				ALWAYS_SEARCH_USER_PATHS = NO;
				CLANG_ANALYZER_NONNULL = YES;
				CLANG_ANALYZER_NUMBER_OBJECT_CONVERSION = YES_AGGRESSIVE;
				CLANG_CXX_LANGUAGE_STANDARD = "gnu++14";
				CLANG_CXX_LIBRARY = "libc++";
				CLANG_ENABLE_MODULES = YES;
				CLANG_ENABLE_OBJC_ARC = YES;
				CLANG_ENABLE_OBJC_WEAK = YES;
				CLANG_WARN_BLOCK_CAPTURE_AUTORELEASING = YES;
				CLANG_WARN_BOOL_CONVERSION = YES;
				CLANG_WARN_COMMA = YES;
				CLANG_WARN_CONSTANT_CONVERSION = YES;
				CLANG_WARN_DEPRECATED_OBJC_IMPLEMENTATIONS = YES;
				CLANG_WARN_DIRECT_OBJC_ISA_USAGE = YES_ERROR;
				CLANG_WARN_DOCUMENTATION_COMMENTS = YES;
				CLANG_WARN_EMPTY_BODY = YES;
				CLANG_WARN_ENUM_CONVERSION = YES;
				CLANG_WARN_INFINITE_RECURSION = YES;
				CLANG_WARN_INT_CONVERSION = YES;
				CLANG_WARN_NON_LITERAL_NULL_CONVERSION = YES;
				CLANG_WARN_OBJC_IMPLICIT_RETAIN_SELF = YES;
				CLANG_WARN_OBJC_LITERAL_CONVERSION = YES;
				CLANG_WARN_OBJC_ROOT_CLASS = YES_ERROR;
				CLANG_WARN_QUOTED_INCLUDE_IN_FRAMEWORK_HEADER = YES;
				CLANG_WARN_RANGE_LOOP_ANALYSIS = YES;
				CLANG_WARN_STRICT_PROTOTYPES = YES;
				CLANG_WARN_SUSPICIOUS_MOVE = YES;
				CLANG_WARN_UNGUARDED_AVAILABILITY = YES_AGGRESSIVE;
				CLANG_WARN_UNREACHABLE_CODE = YES;
				CLANG_WARN__DUPLICATE_METHOD_MATCH = YES;
				COPY_PHASE_STRIP = NO;
				DEBUG_INFORMATION_FORMAT = dwarf;
				DONT_GENERATE_INFOPLIST_FILE = YES;
				ENABLE_STRICT_OBJC_MSGSEND = YES;
				ENABLE_TESTABILITY = YES;
				GCC_C_LANGUAGE_STANDARD = gnu11;
				GCC_DYNAMIC_NO_PIC = NO;
				GCC_NO_COMMON_BLOCKS = YES;
				GCC_OPTIMIZATION_LEVEL = 0;
				GCC_PREPROCESSOR_DEFINITIONS = (
					"DEBUG=1",
					"$(inherited)",
				);
				GCC_WARN_64_TO_32_BIT_CONVERSION = YES;
				GCC_WARN_ABOUT_RETURN_TYPE = YES_ERROR;
				GCC_WARN_UNDECLARED_SELECTOR = YES;
				GCC_WARN_UNINITIALIZED_AUTOS = YES_AGGRESSIVE;
				GCC_WARN_UNUSED_FUNCTION = YES;
				GCC_WARN_UNUSED_VARIABLE = YES;
				HEADER_SEARCH_PATHS = (
					"$(PROJECT_DIR)/../libkram/kram",
					"$(PROJECT_DIR)/../libkram/eastl/include",
				);
				MACOSX_DEPLOYMENT_TARGET = 10.15;
				MTL_ENABLE_DEBUG_INFO = INCLUDE_SOURCE;
				MTL_FAST_MATH = YES;
				MTL_LANGUAGE_REVISION = UseDeploymentTarget;
				ONLY_ACTIVE_ARCH = YES;
				OTHER_CFLAGS = (
					"-DCOMPILE_EASTL=1",
					"-include",
					KramConfig.h,
				);
				SDKROOT = macosx;
			};
			name = Debug;
		};
		706EF22226D17A2E001C950E /* Release */ = {
			isa = XCBuildConfiguration;
			buildSettings = {
				ALWAYS_SEARCH_USER_PATHS = NO;
				CLANG_ANALYZER_NONNULL = YES;
				CLANG_ANALYZER_NUMBER_OBJECT_CONVERSION = YES_AGGRESSIVE;
				CLANG_CXX_LANGUAGE_STANDARD = "gnu++14";
				CLANG_CXX_LIBRARY = "libc++";
				CLANG_ENABLE_MODULES = YES;
				CLANG_ENABLE_OBJC_ARC = YES;
				CLANG_ENABLE_OBJC_WEAK = YES;
				CLANG_WARN_BLOCK_CAPTURE_AUTORELEASING = YES;
				CLANG_WARN_BOOL_CONVERSION = YES;
				CLANG_WARN_COMMA = YES;
				CLANG_WARN_CONSTANT_CONVERSION = YES;
				CLANG_WARN_DEPRECATED_OBJC_IMPLEMENTATIONS = YES;
				CLANG_WARN_DIRECT_OBJC_ISA_USAGE = YES_ERROR;
				CLANG_WARN_DOCUMENTATION_COMMENTS = YES;
				CLANG_WARN_EMPTY_BODY = YES;
				CLANG_WARN_ENUM_CONVERSION = YES;
				CLANG_WARN_INFINITE_RECURSION = YES;
				CLANG_WARN_INT_CONVERSION = YES;
				CLANG_WARN_NON_LITERAL_NULL_CONVERSION = YES;
				CLANG_WARN_OBJC_IMPLICIT_RETAIN_SELF = YES;
				CLANG_WARN_OBJC_LITERAL_CONVERSION = YES;
				CLANG_WARN_OBJC_ROOT_CLASS = YES_ERROR;
				CLANG_WARN_QUOTED_INCLUDE_IN_FRAMEWORK_HEADER = YES;
				CLANG_WARN_RANGE_LOOP_ANALYSIS = YES;
				CLANG_WARN_STRICT_PROTOTYPES = YES;
				CLANG_WARN_SUSPICIOUS_MOVE = YES;
				CLANG_WARN_UNGUARDED_AVAILABILITY = YES_AGGRESSIVE;
				CLANG_WARN_UNREACHABLE_CODE = YES;
				CLANG_WARN__DUPLICATE_METHOD_MATCH = YES;
				COPY_PHASE_STRIP = NO;
				DEBUG_INFORMATION_FORMAT = "dwarf-with-dsym";
				DONT_GENERATE_INFOPLIST_FILE = YES;
				ENABLE_NS_ASSERTIONS = NO;
				ENABLE_STRICT_OBJC_MSGSEND = YES;
				GCC_C_LANGUAGE_STANDARD = gnu11;
				GCC_NO_COMMON_BLOCKS = YES;
				GCC_WARN_64_TO_32_BIT_CONVERSION = YES;
				GCC_WARN_ABOUT_RETURN_TYPE = YES_ERROR;
				GCC_WARN_UNDECLARED_SELECTOR = YES;
				GCC_WARN_UNINITIALIZED_AUTOS = YES_AGGRESSIVE;
				GCC_WARN_UNUSED_FUNCTION = YES;
				GCC_WARN_UNUSED_VARIABLE = YES;
				HEADER_SEARCH_PATHS = (
					"$(PROJECT_DIR)/../libkram/kram",
					"$(PROJECT_DIR)/../libkram/eastl/include",
				);
				MACOSX_DEPLOYMENT_TARGET = 10.15;
				MTL_ENABLE_DEBUG_INFO = NO;
				MTL_FAST_MATH = YES;
				MTL_LANGUAGE_REVISION = UseDeploymentTarget;
				OTHER_CFLAGS = (
					"-DCOMPILE_EASTL=1",
					"-include",
					KramConfig.h,
				);
				SDKROOT = macosx;
			};
			name = Release;
		};
		706EF22426D17A2E001C950E /* Debug */ = {
			isa = XCBuildConfiguration;
			buildSettings = {
				ASSETCATALOG_COMPILER_APPICON_NAME = AppIcon;
				ASSETCATALOG_COMPILER_GLOBAL_ACCENT_COLOR_NAME = AccentColor;
				CLANG_WARN_COMMA = NO;
				CLANG_WARN_CXX0X_EXTENSIONS = YES;
				CLANG_WARN_OBJC_EXPLICIT_OWNERSHIP_TYPE = YES;
				CLANG_WARN_OBJC_IMPLICIT_ATOMIC_PROPERTIES = YES;
				CLANG_WARN_OBJC_INTERFACE_IVARS = YES_ERROR;
				CLANG_WARN_OBJC_MISSING_PROPERTY_SYNTHESIS = NO;
				CLANG_WARN_OBJC_REPEATED_USE_OF_WEAK = YES;
				CODE_SIGN_ENTITLEMENTS = "$(PROJECT_DIR)/../kramv/kramv.entitlements";
				CODE_SIGN_STYLE = Automatic;
				COMBINE_HIDPI_IMAGES = YES;
				DEVELOPMENT_TEAM = "";
				GCC_WARN_64_TO_32_BIT_CONVERSION = NO;
				GCC_WARN_HIDDEN_VIRTUAL_FUNCTIONS = YES;
				GCC_WARN_NON_VIRTUAL_DESTRUCTOR = YES;
				GCC_WARN_SHADOW = YES;
				GCC_WARN_STRICT_SELECTOR_MATCH = YES;
				INFOPLIST_FILE = ../kramv/Info.plist;
				LD_RUNPATH_SEARCH_PATHS = (
					"$(inherited)",
					"@executable_path/../Frameworks",
				);
				MACOSX_DEPLOYMENT_TARGET = 10.15;
				PRODUCT_BUNDLE_IDENTIFIER = com.ba.kramv;
				PRODUCT_NAME = "$(TARGET_NAME)";
			};
			name = Debug;
		};
		706EF22526D17A2E001C950E /* Release */ = {
			isa = XCBuildConfiguration;
			buildSettings = {
				ASSETCATALOG_COMPILER_APPICON_NAME = AppIcon;
				ASSETCATALOG_COMPILER_GLOBAL_ACCENT_COLOR_NAME = AccentColor;
				CLANG_WARN_COMMA = NO;
				CLANG_WARN_CXX0X_EXTENSIONS = YES;
				CLANG_WARN_OBJC_EXPLICIT_OWNERSHIP_TYPE = YES;
				CLANG_WARN_OBJC_IMPLICIT_ATOMIC_PROPERTIES = YES;
				CLANG_WARN_OBJC_INTERFACE_IVARS = YES_ERROR;
				CLANG_WARN_OBJC_MISSING_PROPERTY_SYNTHESIS = NO;
				CLANG_WARN_OBJC_REPEATED_USE_OF_WEAK = YES;
				CODE_SIGN_ENTITLEMENTS = "$(PROJECT_DIR)/../kramv/kramv.entitlements";
				CODE_SIGN_STYLE = Automatic;
				COMBINE_HIDPI_IMAGES = YES;
				DEAD_CODE_STRIPPING = YES;
				DEVELOPMENT_TEAM = "";
				GCC_WARN_64_TO_32_BIT_CONVERSION = NO;
				GCC_WARN_HIDDEN_VIRTUAL_FUNCTIONS = YES;
				GCC_WARN_NON_VIRTUAL_DESTRUCTOR = YES;
				GCC_WARN_SHADOW = YES;
				GCC_WARN_STRICT_SELECTOR_MATCH = YES;
				INFOPLIST_FILE = ../kramv/Info.plist;
				LD_RUNPATH_SEARCH_PATHS = (
					"$(inherited)",
					"@executable_path/../Frameworks",
				);
				MACOSX_DEPLOYMENT_TARGET = 10.15;
				PRODUCT_BUNDLE_IDENTIFIER = com.ba.kramv;
				PRODUCT_NAME = "$(TARGET_NAME)";
			};
			name = Release;
		};
		70E33ED526E536BF00CBA422 /* Debug */ = {
			isa = XCBuildConfiguration;
			buildSettings = {
				CODE_SIGN_ENTITLEMENTS = "$(SRCROOT)/../kram-thumb/kram_thumb.entitlements";
				CODE_SIGN_STYLE = Automatic;
				DEVELOPMENT_TEAM = "";
				INFOPLIST_FILE = "../kram-thumb/Info.plist";
				LD_RUNPATH_SEARCH_PATHS = (
					"$(inherited)",
					"@executable_path/../Frameworks",
					"@executable_path/../../../../Frameworks",
				);
				MACOSX_DEPLOYMENT_TARGET = 10.15;
				PRODUCT_BUNDLE_IDENTIFIER = "com.ba.kramv.kram-thumb";
				PRODUCT_NAME = "$(TARGET_NAME)";
				SKIP_INSTALL = YES;
			};
			name = Debug;
		};
		70E33ED626E536BF00CBA422 /* Release */ = {
			isa = XCBuildConfiguration;
			buildSettings = {
				CODE_SIGN_ENTITLEMENTS = "$(SRCROOT)/../kram-thumb/kram_thumb.entitlements";
				CODE_SIGN_STYLE = Automatic;
				DEVELOPMENT_TEAM = "";
				INFOPLIST_FILE = "../kram-thumb/Info.plist";
				LD_RUNPATH_SEARCH_PATHS = (
					"$(inherited)",
					"@executable_path/../Frameworks",
					"@executable_path/../../../../Frameworks",
				);
				MACOSX_DEPLOYMENT_TARGET = 10.15;
				PRODUCT_BUNDLE_IDENTIFIER = "com.ba.kramv.kram-thumb";
				PRODUCT_NAME = "$(TARGET_NAME)";
				SKIP_INSTALL = YES;
			};
			name = Release;
		};
		70E33EF126E5478900CBA422 /* Debug */ = {
			isa = XCBuildConfiguration;
			buildSettings = {
				CODE_SIGN_ENTITLEMENTS = "$(SRCROOT)/../kram-preview/kram_preview.entitlements";
				CODE_SIGN_STYLE = Automatic;
				DEVELOPMENT_TEAM = "";
				INFOPLIST_FILE = "../kram-preview/Info.plist";
				LD_RUNPATH_SEARCH_PATHS = (
					"$(inherited)",
					"@executable_path/../Frameworks",
					"@executable_path/../../../../Frameworks",
				);
				MACOSX_DEPLOYMENT_TARGET = 10.15;
				PRODUCT_BUNDLE_IDENTIFIER = "com.ba.kramv.kram-preview";
				PRODUCT_NAME = "$(TARGET_NAME)";
				SKIP_INSTALL = YES;
			};
			name = Debug;
		};
		70E33EF226E5478900CBA422 /* Release */ = {
			isa = XCBuildConfiguration;
			buildSettings = {
				CODE_SIGN_ENTITLEMENTS = "$(SRCROOT)/../kram-preview/kram_preview.entitlements";
				CODE_SIGN_STYLE = Automatic;
				DEVELOPMENT_TEAM = "";
				INFOPLIST_FILE = "../kram-preview/Info.plist";
				LD_RUNPATH_SEARCH_PATHS = (
					"$(inherited)",
					"@executable_path/../Frameworks",
					"@executable_path/../../../../Frameworks",
				);
				MACOSX_DEPLOYMENT_TARGET = 10.15;
				PRODUCT_BUNDLE_IDENTIFIER = "com.ba.kramv.kram-preview";
				PRODUCT_NAME = "$(TARGET_NAME)";
				SKIP_INSTALL = YES;
			};
			name = Release;
		};
/* End XCBuildConfiguration section */

/* Begin XCConfigurationList section */
		706EF20A26D17A26001C950E /* Build configuration list for PBXProject "kramv" */ = {
			isa = XCConfigurationList;
			buildConfigurations = (
				706EF22126D17A2E001C950E /* Debug */,
				706EF22226D17A2E001C950E /* Release */,
			);
			defaultConfigurationIsVisible = 0;
			defaultConfigurationName = Release;
		};
		706EF22326D17A2E001C950E /* Build configuration list for PBXNativeTarget "kramv" */ = {
			isa = XCConfigurationList;
			buildConfigurations = (
				706EF22426D17A2E001C950E /* Debug */,
				706EF22526D17A2E001C950E /* Release */,
			);
			defaultConfigurationIsVisible = 0;
			defaultConfigurationName = Release;
		};
		70E33ED726E536BF00CBA422 /* Build configuration list for PBXNativeTarget "kram-thumb" */ = {
			isa = XCConfigurationList;
			buildConfigurations = (
				70E33ED526E536BF00CBA422 /* Debug */,
				70E33ED626E536BF00CBA422 /* Release */,
			);
			defaultConfigurationIsVisible = 0;
			defaultConfigurationName = Release;
		};
		70E33EF026E5478900CBA422 /* Build configuration list for PBXNativeTarget "kram-preview" */ = {
			isa = XCConfigurationList;
			buildConfigurations = (
				70E33EF126E5478900CBA422 /* Debug */,
				70E33EF226E5478900CBA422 /* Release */,
			);
			defaultConfigurationIsVisible = 0;
			defaultConfigurationName = Release;
		};
/* End XCConfigurationList section */
	};
	rootObject = 706EF20726D17A26001C950E /* Project object */;
}
